{"SurveyEntry":{"SurveyID":"SV_3RbsUGU6OGvAkYu","SurveyName":"Ola_2","SurveyDescription":null,"SurveyOwnerID":"URH_dgwWrBOQlwKYDNW","SurveyBrandID":"qaz1","DivisionID":null,"SurveyLanguage":"ES","SurveyActiveResponseSet":"RS_3yP3Fd75OtBhKSi","SurveyStatus":"Active","SurveyStartDate":"0000-00-00 00:00:00","SurveyExpirationDate":"0000-00-00 00:00:00","SurveyCreationDate":"2021-01-19 16:57:12","CreatorID":"URH_dgwWrBOQlwKYDNW","LastModified":"2021-05-24 15:38:01","LastAccessed":"0000-00-00 00:00:00","LastActivated":"2021-01-19 17:32:44","Deleted":null},"SurveyElements":[{"SurveyID":"SV_3RbsUGU6OGvAkYu","Element":"BL","PrimaryAttribute":"Survey Blocks","SecondaryAttribute":null,"TertiaryAttribute":null,"Payload":[{"Type":"Default","Description":"Caracterizaci\u00f3n socioecon\u00f3mica","ID":"BL_6PR7W0nIu5nV3im","BlockElements":[{"Type":"Question","QuestionID":"QID2"},{"Type":"Question","QuestionID":"QID4"},{"Type":"Question","QuestionID":"QID5"},{"Type":"Page Break"},{"Type":"Question","QuestionID":"QID6"},{"Type":"Question","QuestionID":"QID7"},{"Type":"Question","QuestionID":"QID8"},{"Type":"Question","QuestionID":"QID9"},{"Type":"Page Break"},{"Type":"Question","QuestionID":"QID10"},{"Type":"Page Break"},{"Type":"Question","QuestionID":"QID11"},{"Type":"Question","QuestionID":"QID12"},{"Type":"Page Break"},{"Type":"Question","QuestionID":"QID13"},{"Type":"Question","QuestionID":"QID14"},{"Type":"Page Break"},{"Type":"Question","QuestionID":"QID15"},{"Type":"Question","QuestionID":"QID16"},{"Type":"Page Break"}],"Options":{"BlockLocking":"false","RandomizeQuestions":"false","BlockVisibility":"Expanded"}},{"Type":"Trash","Description":"Preguntas desechadas o no usadas","ID":"BL_aY4SEDfpd1ytLH8","BlockElements":[{"Type":"Question","QuestionID":"QID3"},{"Type":"Question","QuestionID":"QID1"},{"Type":"Question","QuestionID":"QID20"},{"Type":"Question","QuestionID":"QID27"}]},{"Type":"Standard","SubType":"","Description":"Caracterizaci\u00f3n instituci\u00f3n de educaci\u00f3n terciaria","ID":"BL_dbDM3WBplznrKqa","BlockElements":[{"Type":"Question","QuestionID":"QID17"},{"Type":"Page Break"},{"Type":"Question","QuestionID":"QID18"},{"Type":"Question","QuestionID":"QID19"},{"Type":"Page Break"},{"Type":"Question","QuestionID":"QID21"},{"Type":"Page Break"},{"Type":"Question","QuestionID":"QID23"},{"Type":"Page Break"},{"Type":"Question","QuestionID":"QID22"},{"Type":"Page Break"},{"Type":"Question","QuestionID":"QID24"},{"Type":"Question","QuestionID":"QID25"},{"Type":"Page Break"}],"Options":{"BlockLocking":"false","RandomizeQuestions":"false","BlockVisibility":"Expanded"}},{"Type":"Standard","SubType":"","Description":"Experiencias de participaci\u00f3n actuales","ID":"BL_aYj19u9jLluJhQi","Options":{"BlockLocking":"false","RandomizeQuestions":"false","BlockVisibility":"Collapsed"},"BlockElements":[{"Type":"Question","QuestionID":"QID26"},{"Type":"Page Break"},{"Type":"Question","QuestionID":"QID28"},{"Type":"Page Break"},{"Type":"Question","QuestionID":"QID29"},{"Type":"Page Break"}]},{"Type":"Standard","SubType":"","Description":"Actitudes, opiniones y creencias actuales","ID":"BL_9GIvQsCWnkAY6lU","BlockElements":[{"Type":"Question","QuestionID":"QID30"},{"Type":"Page Break"},{"Type":"Question","QuestionID":"QID31"},{"Type":"Question","QuestionID":"QID32"},{"Type":"Question","QuestionID":"QID33"},{"Type":"Question","QuestionID":"QID34"},{"Type":"Question","QuestionID":"QID35"},{"Type":"Question","QuestionID":"QID36"},{"Type":"Question","QuestionID":"QID37"},{"Type":"Question","QuestionID":"QID38"},{"Type":"Question","QuestionID":"QID39"},{"Type":"Question","QuestionID":"QID40"},{"Type":"Question","QuestionID":"QID41"},{"Type":"Question","QuestionID":"QID42"},{"Type":"Question","QuestionID":"QID43"},{"Type":"Question","QuestionID":"QID44"},{"Type":"Question","QuestionID":"QID45"},{"Type":"Question","QuestionID":"QID46"},{"Type":"Question","QuestionID":"QID47"},{"Type":"Question","QuestionID":"QID48"},{"Type":"Question","QuestionID":"QID49"},{"Type":"Question","QuestionID":"QID50"}],"Options":{"BlockLocking":"false","RandomizeQuestions":"false","BlockVisibility":"Expanded"}}]},{"SurveyID":"SV_3RbsUGU6OGvAkYu","Element":"FL","PrimaryAttribute":"Survey Flow","SecondaryAttribute":null,"TertiaryAttribute":null,"Payload":{"Type":"Root","FlowID":"FL_1","Flow":[{"Type":"Block","ID":"BL_6PR7W0nIu5nV3im","FlowID":"FL_2","Autofill":[]},{"Type":"Branch","FlowID":"FL_4","Description":"New Branch","BranchLogic":{"0":{"0":{"LogicType":"Question","QuestionID":"QID8","QuestionIsInLoop":"no","ChoiceLocator":"q:\/\/QID8\/SelectableChoice\/6","Operator":"Selected","QuestionIDFromLocator":"QID8","LeftOperand":"q:\/\/QID8\/SelectableChoice\/6","Type":"Expression","Description":"<span class=\"ConjDesc\">Si<\/span> <span class=\"QuestionDesc\">\u00bfCu\u00e1l es su nivel educacional? Indique el tipo de estudio actual (si estudia actualmente) o el \u00fal...<\/span> <span class=\"LeftOpDesc\">T\u00e9cnico Superior incompleta<\/span> <span class=\"OpDesc\">Est\u00e1 seleccionado<\/span> "},"1":{"LogicType":"Question","QuestionID":"QID8","QuestionIsInLoop":"no","ChoiceLocator":"q:\/\/QID8\/SelectableChoice\/7","Operator":"Selected","QuestionIDFromLocator":"QID8","LeftOperand":"q:\/\/QID8\/SelectableChoice\/7","Type":"Expression","Description":"<span class=\"ConjDesc\">O<\/span> <span class=\"QuestionDesc\">\u00bfCu\u00e1l es su nivel educacional? Indique el tipo de estudio actual (si estudia actualmente) o el \u00fal...<\/span> <span class=\"LeftOpDesc\">T\u00e9cnico Superior completa<\/span> <span class=\"OpDesc\">Est\u00e1 seleccionado<\/span> ","Conjuction":"Or"},"2":{"LogicType":"Question","QuestionID":"QID8","QuestionIsInLoop":"no","ChoiceLocator":"q:\/\/QID8\/SelectableChoice\/8","Operator":"Selected","QuestionIDFromLocator":"QID8","LeftOperand":"q:\/\/QID8\/SelectableChoice\/8","Type":"Expression","Description":"<span class=\"ConjDesc\">O<\/span> <span class=\"QuestionDesc\">\u00bfCu\u00e1l es su nivel educacional? Indique el tipo de estudio actual (si estudia actualmente) o el \u00fal...<\/span> <span class=\"LeftOpDesc\">Universitaria incompleta<\/span> <span class=\"OpDesc\">Est\u00e1 seleccionado<\/span> ","Conjuction":"Or"},"3":{"LogicType":"Question","QuestionID":"QID8","QuestionIsInLoop":"no","ChoiceLocator":"q:\/\/QID8\/SelectableChoice\/9","Operator":"Selected","QuestionIDFromLocator":"QID8","LeftOperand":"q:\/\/QID8\/SelectableChoice\/9","Type":"Expression","Description":"<span class=\"ConjDesc\">O<\/span> <span class=\"QuestionDesc\">\u00bfCu\u00e1l es su nivel educacional? Indique el tipo de estudio actual (si estudia actualmente) o el \u00fal...<\/span> <span class=\"LeftOpDesc\">Universitaria completa<\/span> <span class=\"OpDesc\">Est\u00e1 seleccionado<\/span> ","Conjuction":"Or"},"4":{"LogicType":"Question","QuestionID":"QID8","QuestionIsInLoop":"no","ChoiceLocator":"q:\/\/QID8\/SelectableChoice\/10","Operator":"Selected","QuestionIDFromLocator":"QID8","LeftOperand":"q:\/\/QID8\/SelectableChoice\/10","Type":"Expression","Description":"<span class=\"ConjDesc\">O<\/span> <span class=\"QuestionDesc\">\u00bfCu\u00e1l es su nivel educacional? Indique el tipo de estudio actual (si estudia actualmente) o el \u00fal...<\/span> <span class=\"LeftOpDesc\">Estudios de postgrado (mag\u00edster o doctorado)<\/span> <span class=\"OpDesc\">Est\u00e1 seleccionado<\/span> ","Conjuction":"Or"},"Type":"If"},"Type":"BooleanExpression"},"Flow":[{"Type":"Standard","ID":"BL_dbDM3WBplznrKqa","FlowID":"FL_3","Autofill":[]}]},{"Type":"Standard","ID":"BL_aYj19u9jLluJhQi","FlowID":"FL_5","Autofill":[]},{"ID":"BL_9GIvQsCWnkAY6lU","Type":"Standard","FlowID":"FL_6"}],"Properties":{"Count":6,"RemovedFieldsets":[]}}},{"SurveyID":"SV_3RbsUGU6OGvAkYu","Element":"SO","PrimaryAttribute":"Survey Options","SecondaryAttribute":null,"TertiaryAttribute":null,"Payload":{"BackButton":"false","SaveAndContinue":"true","SurveyProtection":"PublicSurvey","BallotBoxStuffingPrevention":"false","NoIndex":"Yes","SecureResponseFiles":"true","SurveyExpiration":"None","SurveyTermination":"DefaultMessage","Header":"<script src=\"https:\/\/cdn.jsdelivr.net\/npm\/cleave.js@1\/dist\/cleave.min.js\"><\/script>","Footer":"","ProgressBarDisplay":"None","PartialData":"+1 week","ValidationMessage":"","PreviousButton":" \u2190 ","NextButton":" \u2192 ","SurveyTitle":"Software de encuestas en l\u00ednea | Soluciones de encuestas Qualtrics","SkinLibrary":"qaz1","SkinType":"templated","Skin":{"brandingId":null,"templateId":"*base","overrides":null},"NewScoring":1,"CustomStyles":[],"headerMid":""}},{"SurveyID":"SV_3RbsUGU6OGvAkYu","Element":"SCO","PrimaryAttribute":"Scoring","SecondaryAttribute":null,"TertiaryAttribute":null,"Payload":{"ScoringCategories":[],"ScoringCategoryGroups":[],"ScoringSummaryCategory":null,"ScoringSummaryAfterQuestions":0,"ScoringSummaryAfterSurvey":0,"DefaultScoringCategory":null,"AutoScoringCategory":null}},{"SurveyID":"SV_3RbsUGU6OGvAkYu","Element":"PROJ","PrimaryAttribute":"CORE","SecondaryAttribute":null,"TertiaryAttribute":"1.1.0","Payload":{"ProjectCategory":"CORE","SchemaVersion":"1.1.0"}},{"SurveyID":"SV_3RbsUGU6OGvAkYu","Element":"STAT","PrimaryAttribute":"Survey Statistics","SecondaryAttribute":null,"TertiaryAttribute":null,"Payload":{"MobileCompatible":false,"ID":"Survey Statistics"}},{"SurveyID":"SV_3RbsUGU6OGvAkYu","Element":"QC","PrimaryAttribute":"Survey Question Count","SecondaryAttribute":"50","TertiaryAttribute":null,"Payload":null},{"SurveyID":"SV_3RbsUGU6OGvAkYu","Element":"SQ","PrimaryAttribute":"QID11","SecondaryAttribute":"A continuaci\u00f3n, le presentamos un listado de rangos de ingreso. \u00bfPodr\u00eda usted indicarme en cu\u00e1l ","TertiaryAttribute":null,"Payload":{"QuestionText":"A continuaci\u00f3n, le presentamos un listado de rangos de ingreso. \u00bfPodr\u00eda usted indicarme en cu\u00e1l de ellos se encuentra el ingreso total de su hogar en el \u00faltimo mes? Considere los ingresos l\u00edquidos de todos los miembros del hogar, es decir, despu\u00e9s de descuentos de impuestos, salud, previsi\u00f3n u otros.","DataExportTag":"Q9","QuestionType":"MC","Selector":"SAVR","SubSelector":"TX","DataVisibility":{"Private":false,"Hidden":false},"Configuration":{"QuestionDescriptionOption":"UseText"},"QuestionDescription":"A continuaci\u00f3n, le presentamos un listado de rangos de ingreso. \u00bfPodr\u00eda usted indicarme en cu\u00e1l d...","Choices":{"1":{"Display":"Menos de $101.000 mensuales l\u00edquidos"},"2":{"Display":"De $101.001 a $134.000 mensuales l\u00edquidos"},"3":{"Display":"De $134.001 a $179.000 mensuales l\u00edquidos"},"4":{"Display":"De $179.001 a $224.000 mensuales l\u00edquidos"},"5":{"Display":"De $224.001 a $291.000 mensuales l\u00edquidos"},"6":{"Display":"De $291.001 a $358.000 mensuales l\u00edquidos"},"7":{"Display":"De $358.001 a $448.000 mensuales l\u00edquidos"},"8":{"Display":"De $448.001 a $1.000.000 mensuales l\u00edquidos"},"9":{"Display":"De $1.000.001 a $2.000.000 mensuales l\u00edquidos"},"10":{"Display":"De $2.000.001 a $3.000.000 mensuales l\u00edquidos"},"11":{"Display":"M\u00e1s de $3.000.000 mensuales l\u00edquidos"}},"ChoiceOrder":[1,2,3,4,5,6,7,8,9,10,11],"Validation":{"Settings":{"ForceResponse":"OFF","ForceResponseType":"ON","Type":"None"}},"Language":[],"NextChoiceId":12,"NextAnswerId":1,"QuestionID":"QID11"}},{"SurveyID":"SV_3RbsUGU6OGvAkYu","Element":"SQ","PrimaryAttribute":"QID29","SecondaryAttribute":"Ahora considerando los procesos de votaci\u00f3n recientes de abril de 2021, por favor responda las si..","TertiaryAttribute":null,"Payload":{"QuestionText":"Ahora considerando los procesos de votaci\u00f3n recientes de abril de 2021, por favor responda las siguientes preguntas  <br><br> <i>Marca SI o NO para cada una de las afirmaciones<\/i>","DefaultChoices":false,"DataExportTag":"Q23","QuestionType":"Matrix","Selector":"Likert","SubSelector":"SingleAnswer","DataVisibility":{"Private":false,"Hidden":false},"Configuration":{"QuestionDescriptionOption":"UseText","TextPosition":"inline","ChoiceColumnWidth":25,"ChoiceColumnWidthPixels":409,"RepeatHeaders":"none","WhiteSpace":"OFF","MobileFirst":true},"QuestionDescription":"Ahora considerando los procesos de votaci\u00f3n recientes de abril de 2021, por favor responda las si...","Choices":{"1":{"Display":"\u00bfVot\u00f3 en las \u00faltimas elecciones de miembros del \u00d3rgano Constituyente?"},"2":{"Display":"\u00bfVot\u00f3 en las \u00faltimas elecciones de Alcaldes y Concejales?"},"4":{"Display":"\u00bfVot\u00f3 en las \u00faltimas elecciones de Gobernadores?"}},"ChoiceOrder":["1","2","4"],"Validation":{"Settings":{"ForceResponse":"OFF","ForceResponseType":"ON","Type":"None"}},"GradingData":[],"Language":[],"NextChoiceId":5,"NextAnswerId":4,"Answers":{"1":{"Display":"Si"},"2":{"Display":"No"}},"AnswerOrder":["1","2"],"ChoiceDataExportTags":false,"QuestionID":"QID29"}},{"SurveyID":"SV_3RbsUGU6OGvAkYu","Element":"SQ","PrimaryAttribute":"QID48","SecondaryAttribute":"Ahora, pensando en lo que usted cree que las personas en estos trabajos DEBER\u00cdAN ganar al mes, de..","TertiaryAttribute":null,"Payload":{"QuestionText":"Ahora, pensando en lo que usted cree que las personas en estos trabajos <u>DEBER\u00cdAN<\/u> ganar al mes, despu\u00e9s de los descuentos de impuestos, salud, previsi\u00f3n y otros (ingreso l\u00edquido). \u00bfCu\u00e1nto dinero cree usted que <u>DEBIERA<\/u> ganar al mes\u2026?","DefaultChoices":false,"DataExportTag":"Q40","QuestionType":"DB","Selector":"TB","DataVisibility":{"Private":false,"Hidden":false},"Configuration":{"QuestionDescriptionOption":"UseText"},"QuestionDescription":"Ahora, pensando en lo que usted cree que las personas en estos trabajos DEBER\u00cdAN ganar al mes, de...","ChoiceOrder":[],"Validation":{"Settings":{"Type":"None"}},"GradingData":[],"Language":[],"NextChoiceId":4,"NextAnswerId":1,"QuestionID":"QID48"}},{"SurveyID":"SV_3RbsUGU6OGvAkYu","Element":"SQ","PrimaryAttribute":"QID12","SecondaryAttribute":"Aproximadamente \u00bfCu\u00e1ntos libros hay en su hogar actual?","TertiaryAttribute":null,"Payload":{"QuestionText":"Aproximadamente \u00bfCu\u00e1ntos libros hay en su hogar actual?","DataExportTag":"Q10","QuestionType":"MC","Selector":"SAVR","SubSelector":"TX","DataVisibility":{"Private":false,"Hidden":false},"Configuration":{"QuestionDescriptionOption":"UseText"},"QuestionDescription":"Aproximadamente \u00bfCu\u00e1ntos libros hay en su hogar actual?","Choices":{"1":{"Display":"Entre 0 y 10 libros"},"2":{"Display":"Entre 11 y 25 libros"},"3":{"Display":"Entre 26 y 100 libros"},"4":{"Display":"Entre 101 y 200 libros"},"5":{"Display":"Entre 201 y 500 libros"},"6":{"Display":"M\u00e1s de 500 libros"}},"ChoiceOrder":[1,2,3,4,5,6],"Validation":{"Settings":{"ForceResponse":"OFF","ForceResponseType":"ON","Type":"None"}},"Language":[],"NextChoiceId":7,"NextAnswerId":1,"QuestionID":"QID12"}},{"SurveyID":"SV_3RbsUGU6OGvAkYu","Element":"SQ","PrimaryAttribute":"QID25","SecondaryAttribute":"Aproximadamente, \u00bfCu\u00e1l fue el promedio de notas que ha obtenido en su actividad de educaci\u00f3n supe","TertiaryAttribute":null,"Payload":{"QuestionText":"Aproximadamente, \u00bfCu\u00e1l fue el promedio de notas que ha obtenido en su actividad de educaci\u00f3n superior?","DefaultChoices":false,"DataExportTag":"Q20_4","QuestionType":"TE","Selector":"SL","DataVisibility":{"Private":false,"Hidden":false},"Configuration":{"QuestionDescriptionOption":"UseText"},"QuestionDescription":"Aproximadamente, \u00bfCu\u00e1l fue el promedio de notas que ha obtenido en su actividad de educaci\u00f3n supe...","Validation":{"Settings":{"ForceResponse":"OFF","ForceResponseType":"ON","Type":"ContentType","ContentType":"ValidNumber","ValidDateType":"DateWithFormat","ValidPhoneType":"ValidUSPhone","ValidZipType":"ValidUSZip","ValidNumber":{"Min":"1","Max":"7"}}},"GradingData":[],"Language":[],"NextChoiceId":4,"NextAnswerId":4,"SearchSource":{"AllowFreeResponse":"false"},"QuestionID":"QID25"}},{"SurveyID":"SV_3RbsUGU6OGvAkYu","Element":"SQ","PrimaryAttribute":"QID19","SecondaryAttribute":"\u00bfC\u00f3mo financia (o financi\u00f3) sus estudios de educaci\u00f3n superior?","TertiaryAttribute":null,"Payload":{"QuestionText":"\u00bfC\u00f3mo financia (o financi\u00f3) sus estudios de educaci\u00f3n superior?","DefaultChoices":false,"DataExportTag":"Q16","QuestionID":"QID19","QuestionType":"Matrix","Selector":"Likert","SubSelector":"SingleAnswer","DataVisibility":{"Private":false,"Hidden":false},"Configuration":{"QuestionDescriptionOption":"UseText","TextPosition":"inline","ChoiceColumnWidth":25,"RepeatHeaders":"none","WhiteSpace":"OFF","MobileFirst":true,"ChoiceColumnWidthPixels":403},"QuestionDescription":"\u00bfC\u00f3mo financia (o financi\u00f3) sus estudios de educaci\u00f3n superior?","Choices":{"4":{"Display":"Cr\u00e9dito Universitario o Fondo Solidario"},"5":{"Display":"Cr\u00e9dito Corfo"},"6":{"Display":"Cr\u00e9dito con aval del Estado (CAE)"},"7":{"Display":"Gratuidad universitaria"},"8":{"Display":"Financiamiento propio (apoyo familiar y\/o trabajo personal)"}},"ChoiceOrder":["4","5","6","7","8"],"Validation":{"Settings":{"ForceResponse":"OFF","ForceResponseType":"ON","Type":"None"}},"GradingData":[],"Language":[],"NextChoiceId":9,"NextAnswerId":4,"Answers":{"1":{"Display":"Si"},"2":{"Display":"No"}},"AnswerOrder":["1","2"],"ChoiceDataExportTags":false}},{"SurveyID":"SV_3RbsUGU6OGvAkYu","Element":"SQ","PrimaryAttribute":"QID10","SecondaryAttribute":"\u00bfCu\u00e1l de las siguientes ocupaciones corresponde al trabajo del principal que usted realiza?","TertiaryAttribute":null,"Payload":{"QuestionText":"\u00bfCu\u00e1l de las siguientes ocupaciones corresponde al trabajo del principal que usted realiza?","DataExportTag":"Q8","QuestionType":"MC","Selector":"SAVR","SubSelector":"TX","DataVisibility":{"Private":false,"Hidden":false},"Configuration":{"QuestionDescriptionOption":"UseText"},"QuestionDescription":"\u00bfCu\u00e1l de las siguientes ocupaciones corresponde al trabajo del principal que usted realiza?","Choices":{"1":{"Display":"Alto ejecutivo (gerente general o gerente de \u00e1rea o sector) de empresa privada o p\u00fablica. Director o due\u00f1o de grandes empresas. Alto directivo del poder ejecutivo, de los cuerpos legislativos y de la administraci\u00f3n p\u00fablica (incluye oficiales de FFAA\/Carabineros)"},"2":{"Display":"Profesionales, cient\u00edficos e intelectuales"},"3":{"Display":"T\u00e9cnicos y profesionales de nivel medio (incluye hasta suboficiales FFAA\/Carabineros)"},"4":{"Display":"Empleados de oficina p\u00fablicos y privados"},"5":{"Display":"Trabajadores de los servicios y vendedores de comercio y mercados"},"6":{"Display":"Agricultores y trabajadores calificados agropecuarios y pesqueros"},"7":{"Display":"Obreros, operarios y artesanos de artes mec\u00e1nicas y de otros oficios"},"8":{"Display":"Operadores de instalaciones y m\u00e1quinas y montadores \/ conductores de veh\u00edculos"},"9":{"Display":"Trabajadores no calificados en ventas y servicios, peones agropecuarios, forestales, construcci\u00f3n, etc."},"10":{"Display":"Otros grupos no identificados (incluye rentistas, incapacitados, etc.)"}},"ChoiceOrder":[1,2,3,4,5,6,7,8,9,10],"Validation":{"Settings":{"ForceResponse":"OFF","ForceResponseType":"ON","Type":"None"}},"Language":[],"NextChoiceId":11,"NextAnswerId":1,"QuestionID":"QID10","DisplayLogic":{"0":{"0":{"LogicType":"Question","QuestionID":"QID9","QuestionIsInLoop":"no","ChoiceLocator":"q:\/\/QID9\/SelectableChoice\/1","Operator":"Selected","QuestionIDFromLocator":"QID9","LeftOperand":"q:\/\/QID9\/SelectableChoice\/1","Type":"Expression","Description":"<span class=\"ConjDesc\">Si<\/span> <span class=\"QuestionDesc\">\u00bfCu\u00e1l de las siguientes situaciones describe mejor su principal actividad durante el \u00faltimo mes?<\/span> <span class=\"LeftOpDesc\">Trabaja de manera remunerada con jornada completa<\/span> <span class=\"OpDesc\">Est\u00e1 seleccionado<\/span> "},"1":{"LogicType":"Question","QuestionID":"QID9","QuestionIsInLoop":"no","ChoiceLocator":"q:\/\/QID9\/SelectableChoice\/2","Operator":"Selected","QuestionIDFromLocator":"QID9","LeftOperand":"q:\/\/QID9\/SelectableChoice\/2","Type":"Expression","Description":"<span class=\"ConjDesc\">O<\/span> <span class=\"QuestionDesc\">\u00bfCu\u00e1l de las siguientes situaciones describe mejor su principal actividad durante el \u00faltimo mes?<\/span> <span class=\"LeftOpDesc\">Trabaja de manera remunerada a tiempo parcial o hace trabajos ocasionales<\/span> <span class=\"OpDesc\">Est\u00e1 seleccionado<\/span> ","Conjuction":"Or"},"2":{"LogicType":"Question","QuestionID":"QID9","QuestionIsInLoop":"no","ChoiceLocator":"q:\/\/QID9\/SelectableChoice\/3","Operator":"Selected","QuestionIDFromLocator":"QID9","LeftOperand":"q:\/\/QID9\/SelectableChoice\/3","Type":"Expression","Description":"<span class=\"ConjDesc\">O<\/span> <span class=\"QuestionDesc\">\u00bfCu\u00e1l de las siguientes situaciones describe mejor su principal actividad durante el \u00faltimo mes?<\/span> <span class=\"LeftOpDesc\">Estudia y trabaja<\/span> <span class=\"OpDesc\">Est\u00e1 seleccionado<\/span> ","Conjuction":"Or"},"Type":"If"},"Type":"BooleanExpression","inPage":false}}},{"SurveyID":"SV_3RbsUGU6OGvAkYu","Element":"SQ","PrimaryAttribute":"QID9","SecondaryAttribute":"\u00bfCu\u00e1l de las siguientes situaciones describe mejor su principal actividad durante el \u00faltimo mes?","TertiaryAttribute":null,"Payload":{"QuestionText":"\u00bfCu\u00e1l de las siguientes situaciones describe mejor su principal actividad durante el \u00faltimo mes?","DataExportTag":"Q7","QuestionType":"MC","Selector":"SAVR","SubSelector":"TX","DataVisibility":{"Private":false,"Hidden":false},"Configuration":{"QuestionDescriptionOption":"UseText"},"QuestionDescription":"\u00bfCu\u00e1l de las siguientes situaciones describe mejor su principal actividad durante el \u00faltimo mes?","Choices":{"1":{"Display":"Trabaja de manera remunerada con jornada completa"},"2":{"Display":"Trabaja de manera remunerada a tiempo parcial o hace trabajos ocasionales"},"3":{"Display":"Estudia y trabaja"},"4":{"Display":"S\u00f3lo estudia"},"5":{"Display":"Desempleado, buscando trabajo"},"6":{"Display":"Realiza tareas no remuneradas (quehaceres del hogar, cuidando ni\u00f1os y otras personas)"},"7":{"Display":"No estudia, no trabaja y no busca trabajo"}},"ChoiceOrder":[1,2,3,4,5,6,7],"Validation":{"Settings":{"ForceResponse":"OFF","ForceResponseType":"ON","Type":"None"}},"Language":[],"NextChoiceId":8,"NextAnswerId":1,"QuestionID":"QID9"}},{"SurveyID":"SV_3RbsUGU6OGvAkYu","Element":"SQ","PrimaryAttribute":"QID6","SecondaryAttribute":"\u00bfCu\u00e1l es su g\u00e9nero?","TertiaryAttribute":null,"Payload":{"QuestionText":"\u00bfCu\u00e1l es su g\u00e9nero?","DataExportTag":"Q4","QuestionType":"MC","Selector":"SAVR","SubSelector":"TX","DataVisibility":{"Private":false,"Hidden":false},"Configuration":{"QuestionDescriptionOption":"UseText"},"QuestionDescription":"\u00bfCu\u00e1l es su g\u00e9nero?","Choices":{"1":{"Display":"Hombre"},"2":{"Display":"Mujer"}},"ChoiceOrder":[1,2],"Validation":{"Settings":{"ForceResponse":"OFF","ForceResponseType":"ON","Type":"None"}},"Language":[],"NextChoiceId":3,"NextAnswerId":1,"QuestionID":"QID6"}},{"SurveyID":"SV_3RbsUGU6OGvAkYu","Element":"SQ","PrimaryAttribute":"QID8","SecondaryAttribute":"\u00bfCu\u00e1l es su nivel educacional? Indique el tipo de estudio actual (si estudia actualmente) o el \u00fal","TertiaryAttribute":null,"Payload":{"QuestionText":"\u00bfCu\u00e1l es su nivel educacional? Indique el tipo de estudio actual (si estudia actualmente) o el \u00faltimo tipo aprobado (si no estudia actualmente).","DataExportTag":"Q6","QuestionType":"MC","Selector":"SAVR","SubSelector":"TX","DataVisibility":{"Private":false,"Hidden":false},"Configuration":{"QuestionDescriptionOption":"UseText"},"QuestionDescription":"\u00bfCu\u00e1l es su nivel educacional? Indique el tipo de estudio actual (si estudia actualmente) o el \u00fal...","Choices":{"1":{"Display":"Sin estudios"},"2":{"Display":"Educaci\u00f3n B\u00e1sica incompleta"},"3":{"Display":"Educaci\u00f3n B\u00e1sica completa"},"4":{"Display":"Educaci\u00f3n Media incompleta"},"5":{"Display":"Educaci\u00f3n Media completa"},"6":{"Display":"T\u00e9cnico Superior incompleta"},"7":{"Display":"T\u00e9cnico Superior completa"},"8":{"Display":"Universitaria incompleta"},"9":{"Display":"Universitaria completa"},"10":{"Display":"Estudios de postgrado (mag\u00edster o doctorado)"}},"ChoiceOrder":[1,2,3,4,5,6,7,8,9,10],"Validation":{"Settings":{"ForceResponse":"OFF","ForceResponseType":"ON","Type":"None"}},"Language":[],"NextChoiceId":11,"NextAnswerId":1,"QuestionID":"QID8"}},{"SurveyID":"SV_3RbsUGU6OGvAkYu","Element":"SQ","PrimaryAttribute":"QID33","SecondaryAttribute":"\u00bfCu\u00e1n de acuerdo o en desacuerdo est\u00e1s con las siguientes afirmaciones acerca de usted y la pol\u00ed","TertiaryAttribute":null,"Payload":{"QuestionText":"\u00bfCu\u00e1n de acuerdo o en desacuerdo est\u00e1s con las siguientes afirmaciones acerca de usted y la pol\u00edtica?","DefaultChoices":false,"DataExportTag":"Q27","QuestionType":"Matrix","Selector":"Likert","SubSelector":"SingleAnswer","DataVisibility":{"Private":false,"Hidden":false},"Configuration":{"QuestionDescriptionOption":"UseText","TextPosition":"inline","ChoiceColumnWidthPixels":334,"RepeatHeaders":"none","WhiteSpace":"OFF","MobileFirst":true},"QuestionDescription":"\u00bfCu\u00e1n de acuerdo o en desacuerdo est\u00e1s con las siguientes afirmaciones acerca de usted y la pol\u00edt...","Choices":{"1":{"Display":"S\u00e9 m\u00e1s de pol\u00edtica que la mayor\u00eda de mis compa\u00f1eros"},"2":{"Display":"Cuando se habla de temas o problemas pol\u00edticos, generalmente tengo algo que decir"},"3":{"Display":"Logro entender f\u00e1cilmente la mayor\u00eda de los temas pol\u00edticos"},"4":{"Display":"Tengo opiniones pol\u00edticas que vale la pena escuchar"},"5":{"Display":"Comprendo bien las problem\u00e1ticas pol\u00edticas de nuestro pa\u00eds"}},"ChoiceOrder":["1","2","3","4","5"],"Validation":{"Settings":{"ForceResponse":"OFF","ForceResponseType":"ON","Type":"None"}},"GradingData":[],"Language":[],"NextChoiceId":6,"NextAnswerId":15,"Answers":{"1":{"Display":"Muy en desacuerdo"},"2":{"Display":"En desacuerdo"},"3":{"Display":"De acuerdo"},"13":{"Display":"Muy de acuerdo"}},"AnswerOrder":["1","2","3","13"],"ChoiceDataExportTags":false,"QuestionID":"QID33"}},{"SurveyID":"SV_3RbsUGU6OGvAkYu","Element":"SQ","PrimaryAttribute":"QID38","SecondaryAttribute":"\u00bfCu\u00e1n de acuerdo o en desacuerdo est\u00e1s con las siguientes afirmaciones sobre los inmigrantes?","TertiaryAttribute":null,"Payload":{"QuestionText":"\u00bfCu\u00e1n de acuerdo o en desacuerdo est\u00e1s con las siguientes afirmaciones sobre los inmigrantes?","DefaultChoices":false,"DataExportTag":"Q32","QuestionType":"Matrix","Selector":"Likert","SubSelector":"SingleAnswer","DataVisibility":{"Private":false,"Hidden":false},"Configuration":{"QuestionDescriptionOption":"UseText","TextPosition":"inline","ChoiceColumnWidthPixels":249,"RepeatHeaders":"none","WhiteSpace":"OFF","MobileFirst":true},"QuestionDescription":"\u00bfCu\u00e1n de acuerdo o en desacuerdo est\u00e1s con las siguientes afirmaciones sobre los inmigrantes?","Choices":{"1":{"Display":"Los hijos y las hijas de inmigrantes deber\u00edan tener las mismas oportunidades de educaci\u00f3n que los otros ni\u00f1os y ni\u00f1as del pa\u00eds"},"2":{"Display":"Los inmigrantes deber\u00edan tener la oportunidad de continuar con sus costumbres y estilo de vida"},"3":{"Display":"Los inmigrantes deber\u00edan tener los mismos derechos que el resto de los habitantes del pa\u00eds"},"4":{"Display":"Cuando no hay suficientes trabajos disponibles, se deber\u00eda restringir la inmigraci\u00f3n"},"5":{"Display":"Los inmigrantes frecuentemente ocupan los puestos de trabajos de los chilenos"},"6":{"Display":"Los migrantes tienen costumbres y tradiciones que no se ajustan con la sociedad chilena"}},"ChoiceOrder":["1","2","3","4","5","6"],"Validation":{"Settings":{"ForceResponse":"OFF","ForceResponseType":"ON","Type":"None"}},"GradingData":[],"Language":[],"NextChoiceId":7,"NextAnswerId":22,"Answers":{"1":{"Display":"Muy en desacuerdo"},"2":{"Display":"En desacuerdo"},"20":{"Display":"De acuerdo"},"21":{"Display":"Muy de acuerdo"}},"AnswerOrder":["1","2","20","21"],"ChoiceDataExportTags":false,"QuestionID":"QID38"}},{"SurveyID":"SV_3RbsUGU6OGvAkYu","Element":"SQ","PrimaryAttribute":"QID44","SecondaryAttribute":"\u00bfCu\u00e1n de acuerdo o en desacuerdo est\u00e1s con las siguientes afirmaciones?","TertiaryAttribute":null,"Payload":{"QuestionText":"\u00bfCu\u00e1n de acuerdo o en desacuerdo est\u00e1s con las siguientes afirmaciones?","DefaultChoices":false,"DataExportTag":"Q38","QuestionType":"Matrix","Selector":"Likert","SubSelector":"SingleAnswer","DataVisibility":{"Private":false,"Hidden":false},"Configuration":{"QuestionDescriptionOption":"UseText","TextPosition":"inline","ChoiceColumnWidthPixels":249,"RepeatHeaders":"none","WhiteSpace":"OFF","MobileFirst":true},"QuestionDescription":"\u00bfCu\u00e1n de acuerdo o en desacuerdo est\u00e1s con las siguientes afirmaciones?","Choices":{"1":{"Display":"Las diferencias econ\u00f3micas en Chile son demasiado grandes"},"2":{"Display":"Es responsabilidad del gobierno reducir las diferencias econ\u00f3micas entre las personas con altos ingresos y aquellas con bajos ingresos"},"3":{"Display":"En este pa\u00eds, los esfuerzos son recompensados"},"4":{"Display":"En Chile, los que se esfuerzan salen adelante"},"5":{"Display":"Est\u00e1 bien que aquellos que puedan pagar m\u00e1s tengan mejor educaci\u00f3n"},"6":{"Display":"Est\u00e1 bien que aquellos que puedan pagar m\u00e1s tengan mejor acceso a salud"},"7":{"Display":"Las parejas homosexuales deber\u00edan poder adoptar hijos"},"8":{"Display":"El aborto debe ser legal bajo cualquier circunstancia"},"9":{"Display":"Chile deber\u00eda tomar medidas m\u00e1s dr\u00e1sticas para impedir el ingreso de inmigrantes al pa\u00eds"}},"ChoiceOrder":["1","2","3","4","5","6","7","8","9"],"Validation":{"Settings":{"ForceResponse":"OFF","ForceResponseType":"ON","Type":"None"}},"GradingData":[],"Language":[],"NextChoiceId":10,"NextAnswerId":22,"Answers":{"1":{"Display":"Muy en desacuerdo"},"2":{"Display":"En desacuerdo"},"20":{"Display":"De acuerdo"},"21":{"Display":"Muy de acuerdo"}},"AnswerOrder":["1","2","20","21"],"ChoiceDataExportTags":false,"QuestionID":"QID44"}},{"SurveyID":"SV_3RbsUGU6OGvAkYu","Element":"SQ","PrimaryAttribute":"QID43","SecondaryAttribute":"\u00bfCu\u00e1n importante son los siguientes comportamientos para ser un buen ciudadano(a) adulto(a)?","TertiaryAttribute":null,"Payload":{"QuestionText":"\u00bfCu\u00e1n importante son los siguientes comportamientos para ser un buen ciudadano(a) adulto(a)?","DefaultChoices":false,"DataExportTag":"Q37","QuestionType":"Matrix","Selector":"Likert","SubSelector":"SingleAnswer","DataVisibility":{"Private":false,"Hidden":false},"Configuration":{"QuestionDescriptionOption":"UseText","TextPosition":"inline","ChoiceColumnWidth":25,"RepeatHeaders":"none","WhiteSpace":"OFF","MobileFirst":true},"QuestionDescription":"\u00bfCu\u00e1n importante son los siguientes comportamientos para ser un buen ciudadano(a) adulto(a)?","Choices":{"1":{"Display":"Votar en todas las elecciones presidenciales"},"2":{"Display":"Preocuparse de que las autoridades p\u00fablicas act\u00faen correctamente"},"3":{"Display":"Participar en protestas pac\u00edficas en contra de las leyes que considera injustas"},"4":{"Display":"Participar en actividades para beneficiar a la gente de su comunidad (barrio, comuna o ciudad)"},"5":{"Display":"Participar en actividades que promuevan los derechos humanos"},"6":{"Display":"Siempre pagar los impuestos"},"7":{"Display":"Obedecer siempre la ley"}},"ChoiceOrder":["1","2","3","4","5","6","7"],"Validation":{"Settings":{"ForceResponse":"OFF","ForceResponseType":"ON","Type":"None"}},"GradingData":[],"Language":[],"NextChoiceId":8,"NextAnswerId":5,"Answers":{"1":{"Display":"Nada importante"},"2":{"Display":"Algo importante"},"3":{"Display":"Importante"},"4":{"Display":"Muy importante"}},"AnswerOrder":["1","2","3","4"],"ChoiceDataExportTags":false,"QuestionID":"QID43"}},{"SurveyID":"SV_3RbsUGU6OGvAkYu","Element":"SQ","PrimaryAttribute":"QID31","SecondaryAttribute":"\u00bfCu\u00e1n interesado(a) est\u00e1 usted en los siguientes temas?","TertiaryAttribute":null,"Payload":{"QuestionText":"\u00bfCu\u00e1n interesado(a) est\u00e1 usted en los siguientes temas?","DefaultChoices":false,"DataExportTag":"Q24","QuestionType":"Matrix","Selector":"Likert","SubSelector":"SingleAnswer","DataVisibility":{"Private":false,"Hidden":false},"Configuration":{"QuestionDescriptionOption":"UseText","TextPosition":"inline","ChoiceColumnWidth":25,"ChoiceColumnWidthPixels":121,"RepeatHeaders":"none","WhiteSpace":"OFF","MobileFirst":true},"QuestionDescription":"\u00bfCu\u00e1n interesado(a) est\u00e1 usted en los siguientes temas?","Choices":{"1":{"Display":"Desigualdad social"},"2":{"Display":"Medioambiente"},"3":{"Display":"Igualdad de g\u00e9nero"},"4":{"Display":"La pol\u00edtica"}},"ChoiceOrder":["1","2","3","4"],"Validation":{"Settings":{"ForceResponse":"OFF","ForceResponseType":"ON","Type":"None"}},"GradingData":[],"Language":[],"NextChoiceId":5,"NextAnswerId":5,"Answers":{"1":{"Display":"Nada interesado(a)"},"2":{"Display":"Algo interesado(a)"},"3":{"Display":"Interesado(a)"},"4":{"Display":"Muy interesado(a)"}},"AnswerOrder":["1","2","3","4"],"ChoiceDataExportTags":false,"QuestionID":"QID31"}},{"SurveyID":"SV_3RbsUGU6OGvAkYu","Element":"SQ","PrimaryAttribute":"QID41","SecondaryAttribute":"\u00bfCu\u00e1nto conf\u00edas en cada uno de los siguientes grupos o instituciones?","TertiaryAttribute":null,"Payload":{"QuestionText":"\u00bfCu\u00e1nto conf\u00edas en cada uno de los siguientes grupos o instituciones?","DefaultChoices":false,"DataExportTag":"Q35","QuestionType":"Matrix","Selector":"Likert","SubSelector":"SingleAnswer","DataVisibility":{"Private":false,"Hidden":false},"Configuration":{"QuestionDescriptionOption":"UseText","TextPosition":"inline","ChoiceColumnWidth":25,"RepeatHeaders":"none","WhiteSpace":"OFF","MobileFirst":true},"QuestionDescription":"\u00bfCu\u00e1nto conf\u00edas en cada uno de los siguientes grupos o instituciones?","Choices":{"1":{"Display":"El Gobierno de Chile"},"2":{"Display":"Los Tribunales de Justicia"},"3":{"Display":"Los partidos pol\u00edticos"},"4":{"Display":"El Congreso Nacional"},"5":{"Display":"Los medios de comunicaci\u00f3n (televisi\u00f3n, diario, radio)"},"6":{"Display":"Las personas en general"}},"ChoiceOrder":["1","2","3","4","5","6"],"Validation":{"Settings":{"ForceResponse":"OFF","ForceResponseType":"ON","Type":"None"}},"GradingData":[],"Language":[],"NextChoiceId":7,"NextAnswerId":5,"Answers":{"1":{"Display":"Nada"},"2":{"Display":"Un poco"},"3":{"Display":"Bastante"},"4":{"Display":"Mucho"}},"AnswerOrder":["1","2","3","4"],"ChoiceDataExportTags":false,"QuestionID":"QID41"}},{"SurveyID":"SV_3RbsUGU6OGvAkYu","Element":"SQ","PrimaryAttribute":"QID42","SecondaryAttribute":"\u00bfEn qu\u00e9 medida crees t\u00fa que la corrupci\u00f3n, tal como sobornos, malversaci\u00f3n de fondos o tr\u00e1fico","TertiaryAttribute":null,"Payload":{"QuestionText":"\u00bfEn qu\u00e9 medida crees t\u00fa que la corrupci\u00f3n, tal como sobornos, malversaci\u00f3n de fondos o tr\u00e1fico de influencias, est\u00e1 presente en las siguientes instituciones?","DefaultChoices":false,"DataExportTag":"Q36","QuestionType":"Matrix","Selector":"Likert","SubSelector":"SingleAnswer","DataVisibility":{"Private":false,"Hidden":false},"Configuration":{"QuestionDescriptionOption":"UseText","TextPosition":"inline","ChoiceColumnWidth":25,"RepeatHeaders":"none","WhiteSpace":"OFF","MobileFirst":true},"QuestionDescription":"\u00bfEn qu\u00e9 medida crees t\u00fa que la corrupci\u00f3n, tal como sobornos, malversaci\u00f3n de fondos o tr\u00e1fico de...","Choices":{"1":{"Display":"El Gobierno de Chile"},"2":{"Display":"Los Tribunales de Justicia"},"3":{"Display":"Los partidos pol\u00edticos"},"4":{"Display":"El Congreso Nacional"},"5":{"Display":"Los medios de comunicaci\u00f3n (televisi\u00f3n, diario, radio)"}},"ChoiceOrder":["1","2","3","4","5"],"Validation":{"Settings":{"ForceResponse":"OFF","ForceResponseType":"ON","Type":"None"}},"GradingData":[],"Language":[],"NextChoiceId":7,"NextAnswerId":5,"Answers":{"1":{"Display":"Nada presente"},"2":{"Display":"Un poco presente"},"3":{"Display":"Bastante presente"},"4":{"Display":"Muy presente"}},"AnswerOrder":["1","2","3","4"],"ChoiceDataExportTags":false,"QuestionID":"QID42"}},{"SurveyID":"SV_3RbsUGU6OGvAkYu","Element":"SQ","PrimaryAttribute":"QID18","SecondaryAttribute":"\u00bfEn qu\u00e9 tipo de Instituci\u00f3n est\u00e1 cursando (o curs\u00f3) sus estudios de educaci\u00f3n superior?","TertiaryAttribute":null,"Payload":{"QuestionText":"\u00bfEn qu\u00e9 tipo de Instituci\u00f3n est\u00e1 cursando (o curs\u00f3) sus estudios de educaci\u00f3n superior?","DataExportTag":"Q15","QuestionType":"MC","Selector":"SAVR","SubSelector":"TX","Configuration":{"QuestionDescriptionOption":"UseText"},"QuestionDescription":"\u00bfEn qu\u00e9 tipo de Instituci\u00f3n est\u00e1 cursando (o curs\u00f3) sus estudios de educaci\u00f3n superior?","Choices":{"1":{"Display":"Centro de Formaci\u00f3n T\u00e9cnica"},"2":{"Display":"Instituto profesional"},"3":{"Display":"Universidad"},"4":{"Display":"Otro","TextEntry":"true","TextEntryValidation":"ValidTextOnly","TextEntryForceResponse":true}},"ChoiceOrder":[1,2,3,4],"Validation":{"Settings":{"ForceResponse":"OFF","ForceResponseType":"ON","Type":"None"}},"Language":[],"NextChoiceId":5,"NextAnswerId":1,"QuestionID":"QID18","DataVisibility":{"Private":false,"Hidden":false}}},{"SurveyID":"SV_3RbsUGU6OGvAkYu","Element":"SQ","PrimaryAttribute":"QID39","SecondaryAttribute":"\u00bfQu\u00e9 tan de acuerdo o en desacuerdo est\u00e1s con las siguientes afirmaciones?","TertiaryAttribute":null,"Payload":{"QuestionText":"\u00bfQu\u00e9 tan de acuerdo o en desacuerdo est\u00e1s con las siguientes afirmaciones?","DefaultChoices":false,"DataExportTag":"Q33","QuestionType":"Matrix","Selector":"Likert","SubSelector":"SingleAnswer","DataVisibility":{"Private":false,"Hidden":false},"Configuration":{"QuestionDescriptionOption":"UseText","TextPosition":"inline","ChoiceColumnWidthPixels":249,"RepeatHeaders":"none","WhiteSpace":"OFF","MobileFirst":true},"QuestionDescription":"\u00bfQu\u00e9 tan de acuerdo o en desacuerdo est\u00e1s con las siguientes afirmaciones?","Choices":{"1":{"Display":"La concentraci\u00f3n del poder ayuda a mantener el orden"},"2":{"Display":"Los gobiernos autoritarios se justifican cuando traen orden y seguridad"},"3":{"Display":"Los gobiernos autoritarios se justifican cuando traen beneficios econ\u00f3micos"},"4":{"Display":"En vez de tanta preocupaci\u00f3n por los derechos de las personas, lo que este pa\u00eds necesita es un gobierno firme"},"5":{"Display":"Lo que nuestro pa\u00eds necesita es un mandatario\/a fuerte con la determinaci\u00f3n para llevarnos por el camino correcto"},"6":{"Display":"La obediencia y el respeto por la autoridad son los valores m\u00e1s importantes que los ni\u00f1os debieran aprender"}},"ChoiceOrder":["1","2","3","4","5","6"],"Validation":{"Settings":{"ForceResponse":"OFF","ForceResponseType":"ON","Type":"None"}},"GradingData":[],"Language":[],"NextChoiceId":7,"NextAnswerId":22,"Answers":{"1":{"Display":"Muy en desacuerdo"},"2":{"Display":"En desacuerdo"},"20":{"Display":"De acuerdo"},"21":{"Display":"Muy de acuerdo"}},"AnswerOrder":["1","2","20","21"],"ChoiceDataExportTags":false,"QuestionID":"QID39"}},{"SurveyID":"SV_3RbsUGU6OGvAkYu","Element":"SQ","PrimaryAttribute":"QID7","SecondaryAttribute":"\u00bfSe considera miembro de la comunidad LGBTIQ+?","TertiaryAttribute":null,"Payload":{"QuestionText":"\u00bfSe considera miembro de la comunidad LGBTIQ+?","DataExportTag":"Q5","QuestionType":"MC","Selector":"SAVR","SubSelector":"TX","DataVisibility":{"Private":false,"Hidden":false},"Configuration":{"QuestionDescriptionOption":"UseText"},"QuestionDescription":"\u00bfSe considera miembro de la comunidad LGBTIQ+?","Choices":{"1":{"Display":"Si"},"2":{"Display":"No"}},"ChoiceOrder":[1,2],"Validation":{"Settings":{"ForceResponse":"OFF","ForceResponseType":"ON","Type":"None"}},"Language":[],"NextChoiceId":3,"NextAnswerId":1,"QuestionID":"QID7"}},{"SurveyID":"SV_3RbsUGU6OGvAkYu","Element":"SQ","PrimaryAttribute":"QID15","SecondaryAttribute":"\u00bfTe consideras perteneciente a alguno de los siguientes pueblos originarios?","TertiaryAttribute":null,"Payload":{"QuestionText":"\u00bfTe consideras perteneciente a alguno de los siguientes pueblos originarios?","DataExportTag":"Q13","QuestionType":"MC","Selector":"SAVR","SubSelector":"TX","DataVisibility":{"Private":false,"Hidden":false},"Configuration":{"QuestionDescriptionOption":"UseText"},"QuestionDescription":"\u00bfTe consideras perteneciente a alguno de los siguientes pueblos originarios?","Choices":{"1":{"Display":"Mapuche"},"2":{"Display":"Aimara"},"3":{"Display":"Rapa Nui"},"4":{"Display":"Quechua"},"5":{"Display":"No, ninguna de las anteriores"},"6":{"Display":"Otro, \u00bfCu\u00e1l?","TextEntry":"true","TextEntryValidation":"ValidTextOnly","TextEntryForceResponse":true}},"ChoiceOrder":[1,2,3,4,5,6],"Validation":{"Settings":{"ForceResponse":"OFF","ForceResponseType":"ON","Type":"None"}},"Language":[],"NextChoiceId":7,"NextAnswerId":1,"QuestionID":"QID15"}},{"SurveyID":"SV_3RbsUGU6OGvAkYu","Element":"RS","PrimaryAttribute":"RS_3yP3Fd75OtBhKSi","SecondaryAttribute":"Conjunto de respuestas por defecto","TertiaryAttribute":null,"Payload":null},{"SurveyID":"SV_3RbsUGU6OGvAkYu","Element":"SQ","PrimaryAttribute":"QID26","SecondaryAttribute":"Considerando los \u00faltimos meses, el primer semestre de 2021, \u00bfcon que frecuencia realiz\u00f3 las sigui","TertiaryAttribute":null,"Payload":{"QuestionText":"Considerando los \u00faltimos meses, el primer semestre de 2021, \u00bfcon que frecuencia realiz\u00f3 las siguientes actividades?","DefaultChoices":false,"DataExportTag":"Q21","QuestionType":"Matrix","Selector":"Likert","SubSelector":"SingleAnswer","DataVisibility":{"Private":false,"Hidden":false},"Configuration":{"QuestionDescriptionOption":"UseText","TextPosition":"inline","ChoiceColumnWidth":25,"ChoiceColumnWidthPixels":303,"RepeatHeaders":"none","WhiteSpace":"OFF","MobileFirst":true},"QuestionDescription":"Considerando los \u00faltimos meses, el primer semestre de 2021, \u00bfcon que frecuencia realiz\u00f3 las sigui...","Choices":{"1":{"Display":"Firmar una petici\u00f3n, presencialmente o por internet"},"2":{"Display":"Participar en una marcha o manifestaci\u00f3n pac\u00edfica"},"3":{"Display":"Participar en una marcha o manifestaci\u00f3n con disturbios"},"4":{"Display":"Participar en marchas del movimiento feminista"},"5":{"Display":"Participar en cacerolazos"},"6":{"Display":"Participar de Cabildos o Asambleas Territoriales"},"7":{"Display":"Participar en bloqueo de calles o carreteras"},"8":{"Display":"Pintar o rayar paredes con demandas o consignas"},"9":{"Display":"Participar en la toma de un edificio o instituci\u00f3n"},"10":{"Display":"Trabajar como voluntario en servicios a la comunidad"},"11":{"Display":"Participar en una marcha con mis amigos"},"12":{"Display":"Participar en una marcha con compa\u00f1eros de carrera"},"13":{"Display":"Participar en una marcha con algunos de mis padres"},"14":{"Display":"Participar en una marcha con otros miembros de mi familia"}},"ChoiceOrder":["1","2","3","4","5","6","7","8","9","10","11","12","13","14"],"Validation":{"Settings":{"ForceResponse":"OFF","ForceResponseType":"ON","Type":"None"}},"GradingData":[],"Language":[],"NextChoiceId":15,"NextAnswerId":5,"Answers":{"1":{"Display":"Nunca"},"2":{"Display":"Una vez"},"3":{"Display":"Dos veces"},"4":{"Display":"Tres veces o m\u00e1s"}},"AnswerOrder":["1","2","3","4"],"ChoiceDataExportTags":false,"QuestionID":"QID26"}},{"SurveyID":"SV_3RbsUGU6OGvAkYu","Element":"SQ","PrimaryAttribute":"QID28","SecondaryAttribute":"Considerando los \u00faltimos meses, el primer semestre de 2021, \u00bfcon que frecuencia realiz\u00f3 las sigui","TertiaryAttribute":null,"Payload":{"QuestionText":"Considerando los \u00faltimos meses, el primer semestre de 2021, \u00bfcon que frecuencia realiz\u00f3 las siguientes actividades?","DefaultChoices":false,"DataExportTag":"Q22","QuestionType":"Matrix","Selector":"Likert","SubSelector":"SingleAnswer","DataVisibility":{"Private":false,"Hidden":false},"Configuration":{"QuestionDescriptionOption":"UseText","TextPosition":"inline","ChoiceColumnWidthPixels":302,"RepeatHeaders":"none","WhiteSpace":"OFF","MobileFirst":true},"QuestionDescription":"Considerando los \u00faltimos meses, el primer semestre de 2021, \u00bfcon que frecuencia realiz\u00f3 las sigui...","Choices":{"1":{"Display":"Hablar con sus padres sobre temas sociales y\/o pol\u00edticos"},"2":{"Display":"Hablar con amigos acerca de temas sociales y\/o pol\u00edticos"},"3":{"Display":"Leer diarios o revistas para informase sobre actualidad nacional e internacional"},"4":{"Display":"Ver televisi\u00f3n para informase sobre actualidad nacional e internacional"},"5":{"Display":"Usar internet para buscar informaci\u00f3n sobre temas sociales y\/o pol\u00edticos"},"6":{"Display":"Postear im\u00e1genes o mensaje acerca de temas sociales y\/o pol\u00edticos en internet"},"7":{"Display":"Compartir o comentar en el posteo de otra persona acerca de temas sociales y pol\u00edticos"},"8":{"Display":"Seguir a personas en redes sociales por su contenido sobre temas sociales y pol\u00edticos"}},"ChoiceOrder":["1","2","3","4","5","6","7","8"],"Validation":{"Settings":{"ForceResponse":"OFF","ForceResponseType":"ON","Type":"None"}},"GradingData":[],"Language":[],"NextChoiceId":9,"NextAnswerId":6,"Answers":{"1":{"Display":"Nunca"},"2":{"Display":"Casi nunca"},"3":{"Display":"A veces"},"4":{"Display":"Frecuentemente"}},"AnswerOrder":["1","2","3","4"],"ChoiceDataExportTags":false,"QuestionID":"QID28"}},{"SurveyID":"SV_3RbsUGU6OGvAkYu","Element":"SQ","PrimaryAttribute":"QID17","SecondaryAttribute":"Considerando que usted se encuentra estudiando actualmente en una instituci\u00f3n de educaci\u00f3n superi.","TertiaryAttribute":null,"Payload":{"QuestionText":"Considerando que usted se encuentra estudiando actualmente en una instituci\u00f3n de educaci\u00f3n superior (o estudi\u00f3 en una instituci\u00f3n de educaci\u00f3n superior), a continuaci\u00f3n, se presentan algunas preguntas sobre la instituci\u00f3n en la que estudia y su experiencia en ella.","DefaultChoices":false,"DataExportTag":"Mensaje_sec2","QuestionType":"DB","Selector":"TB","Configuration":{"QuestionDescriptionOption":"UseText"},"QuestionDescription":"Considerando que usted se encuentra estudiando actualmente en una instituci\u00f3n de educaci\u00f3n superi...","ChoiceOrder":[],"Validation":{"Settings":{"Type":"None"}},"GradingData":[],"Language":[],"NextChoiceId":4,"NextAnswerId":1,"QuestionID":"QID17","DataVisibility":{"Private":false,"Hidden":false}}},{"SurveyID":"SV_3RbsUGU6OGvAkYu","Element":"SQ","PrimaryAttribute":"QID35","SecondaryAttribute":"En general, \u00bfcu\u00e1n satisfecho(a) est\u00e1s con la manera en que funciona la democracia en Chile?","TertiaryAttribute":null,"Payload":{"QuestionText":"En general, \u00bfcu\u00e1n satisfecho(a) est\u00e1s con la manera en que funciona la democracia en Chile?","DataExportTag":"Q29","QuestionType":"MC","Selector":"SAVR","SubSelector":"TX","DataVisibility":{"Private":false,"Hidden":false},"Configuration":{"QuestionDescriptionOption":"UseText"},"QuestionDescription":"En general, \u00bfcu\u00e1n satisfecho(a) est\u00e1s con la manera en que funciona la democracia en Chile?","Choices":{"1":{"Display":"Nada satisfecho(a)"},"2":{"Display":"Algo satisfecho(a)"},"3":{"Display":"Satisfecho(a)"},"4":{"Display":"Muy satisfecho(a)"}},"ChoiceOrder":["1","2","3","4"],"Validation":{"Settings":{"ForceResponse":"OFF","ForceResponseType":"ON","Type":"None"}},"Language":[],"NextChoiceId":5,"NextAnswerId":1,"QuestionID":"QID35"}},{"SurveyID":"SV_3RbsUGU6OGvAkYu","Element":"SQ","PrimaryAttribute":"QID2","SecondaryAttribute":"En la actualidad, de estas personas, por favor responda con quienes vive","TertiaryAttribute":null,"Payload":{"QuestionText":"En la actualidad, de estas personas, por favor responda con quienes vive","DefaultChoices":false,"DataExportTag":"Q1","QuestionType":"Matrix","Selector":"Likert","SubSelector":"SingleAnswer","DataVisibility":{"Private":false,"Hidden":false},"Configuration":{"QuestionDescriptionOption":"UseText","TextPosition":"inline","ChoiceColumnWidth":25,"RepeatHeaders":"none","WhiteSpace":"OFF","MobileFirst":true},"QuestionDescription":"En la actualidad, de estas personas, por favor responda con quienes vive","Choices":{"1":{"Display":"\u00bfVive s\u00f3lo(a)?"},"2":{"Display":"\u00bfVive con amigos(as)?"},"3":{"Display":"\u00bfVive con su pareja?"},"4":{"Display":"\u00bfVive con su familia de origen (padres)?"},"5":{"Display":"\u00bfVive de allegado en casa de parientes?"}},"ChoiceOrder":[1,2,3,4,5],"Validation":{"Settings":{"ForceResponse":"OFF","ForceResponseType":"ON","Type":"None"}},"GradingData":[],"Language":[],"NextChoiceId":6,"NextAnswerId":3,"Answers":{"1":{"Display":"Si"},"2":{"Display":"No"}},"AnswerOrder":[1,2],"ChoiceDataExportTags":false,"QuestionID":"QID2"}},{"SurveyID":"SV_3RbsUGU6OGvAkYu","Element":"SQ","PrimaryAttribute":"QID30","SecondaryAttribute":"En la siguiente secci\u00f3n del cuestionario busca caracterizar sus actitudes y creencias actuales. P..","TertiaryAttribute":null,"Payload":{"QuestionText":"En la siguiente secci\u00f3n del cuestionario busca caracterizar sus actitudes y creencias actuales.\nPara ello, por favor responda usando las respectivas escalas de respuesta. Comencemos con algunas preguntas generales.\n<br><br>\nAhora, las preguntas estar\u00e1n orientadas hacia lo que <strong>USTED cree y piensa<\/strong> sobre temas sociales y pol\u00edticos.","DefaultChoices":false,"DataExportTag":"Mensaje_sec4","QuestionType":"DB","Selector":"TB","DataVisibility":{"Private":false,"Hidden":false},"Configuration":{"QuestionDescriptionOption":"UseText"},"QuestionDescription":"En la siguiente secci\u00f3n del cuestionario busca caracterizar sus actitudes y creencias actuales. P...","ChoiceOrder":[],"Validation":{"Settings":{"Type":"None"}},"GradingData":[],"Language":[],"NextChoiceId":4,"NextAnswerId":1,"QuestionID":"QID30"}},{"SurveyID":"SV_3RbsUGU6OGvAkYu","Element":"SQ","PrimaryAttribute":"QID13","SecondaryAttribute":"En nuestra sociedad, hay grupos que tienden a ubicarse en los niveles m\u00e1s altos y grupos que tien..","TertiaryAttribute":null,"Payload":{"QuestionText":"En nuestra sociedad, hay grupos que tienden a ubicarse en los niveles m\u00e1s altos y grupos que tienden a ubicarse en los niveles m\u00e1s bajos de la sociedad. Usando la escala presentada, donde 1 es el NIVEL M\u00c1S BAJO y 10 el NIVEL M\u00c1S ALTO, \u00bfD\u00f3nde te ubicar\u00edas tu familia en la sociedad chilena?","DataExportTag":"Q11","QuestionType":"MC","Selector":"SAHR","SubSelector":"TX","DataVisibility":{"Private":false,"Hidden":false},"Configuration":{"QuestionDescriptionOption":"UseText","LabelPosition":"BELOW"},"QuestionDescription":"En nuestra sociedad, hay grupos que tienden a ubicarse en los niveles m\u00e1s altos y grupos que tien...","Choices":{"1":{"Display":"El nivel m\u00e1s bajo"},"2":{"Display":"1"},"3":{"Display":"2"},"4":{"Display":"3"},"5":{"Display":"4"},"6":{"Display":"5"},"7":{"Display":"6"},"8":{"Display":"7"},"9":{"Display":"8"},"10":{"Display":"9"},"11":{"Display":"10"},"12":{"Display":"El nivel m\u00e1s alto"}},"ChoiceOrder":[1,2,3,4,5,6,7,8,9,10,11,12],"Validation":{"Settings":{"ForceResponse":"OFF","ForceResponseType":"ON","Type":"None"}},"Language":[],"NextChoiceId":13,"NextAnswerId":1,"QuestionID":"QID13"}},{"SurveyID":"SV_3RbsUGU6OGvAkYu","Element":"SQ","PrimaryAttribute":"QID37","SecondaryAttribute":"Existen diferentes visiones sobre el papel de las mujeres y los hombres en la sociedad. \u00bfCu\u00e1n de..","TertiaryAttribute":null,"Payload":{"QuestionText":"Existen diferentes visiones sobre el papel de las mujeres y los hombres en la sociedad. \u00bfCu\u00e1n de acuerdo o en desacuerdo est\u00e1s con las siguientes afirmaciones?","DefaultChoices":false,"DataExportTag":"Q31","QuestionType":"Matrix","Selector":"Likert","SubSelector":"SingleAnswer","DataVisibility":{"Private":false,"Hidden":false},"Configuration":{"QuestionDescriptionOption":"UseText","TextPosition":"inline","ChoiceColumnWidthPixels":249,"RepeatHeaders":"none","WhiteSpace":"OFF","MobileFirst":true},"QuestionDescription":"Existen diferentes visiones sobre el papel de las mujeres y los hombres en la sociedad. \u00bfCu\u00e1n de...","Choices":{"1":{"Display":"Los hombres y las mujeres deber\u00edan tener las mismas oportunidades de participar en el gobierno"},"2":{"Display":"La primera prioridad de las mujeres deber\u00eda ser criar hijos"},"3":{"Display":"Las mujeres deber\u00edan permanecer alejadas de la pol\u00edtica"},"4":{"Display":"Cuando no hay muchos trabajos disponibles, los hombres deber\u00edan tener m\u00e1s derecho a un trabajo que las mujeres"},"5":{"Display":"Los hombres y las mujeres deber\u00edan recibir el mismo pago cuando hacen los mismos trabajos"},"6":{"Display":"Los hombres est\u00e1n mejor preparados para ser l\u00edderes pol\u00edticos que las mujeres"},"7":{"Display":"Los hombres y las mujeres deber\u00edan tener los mismos derechos en todos los aspectos"},"8":{"Display":"El rol m\u00e1s importante de una mujer es cuidar su hogar y cocinar para su familia"},"9":{"Display":"Un hombre debe tener la \u00faltima palabra sobre las decisiones del hogar"}},"ChoiceOrder":["1","2","3","4","5","6","7","8","9"],"Validation":{"Settings":{"ForceResponse":"OFF","ForceResponseType":"ON","Type":"None"}},"GradingData":[],"Language":[],"NextChoiceId":10,"NextAnswerId":22,"Answers":{"1":{"Display":"Muy en desacuerdo"},"2":{"Display":"En desacuerdo"},"20":{"Display":"De acuerdo"},"21":{"Display":"Muy de acuerdo"}},"AnswerOrder":["1","2","20","21"],"ChoiceDataExportTags":false,"QuestionID":"QID37"}},{"SurveyID":"SV_3RbsUGU6OGvAkYu","Element":"SQ","PrimaryAttribute":"QID36","SecondaryAttribute":"Existen diferentes visiones sobre los derechos y responsabilidades de las distintas etnias (por e...","TertiaryAttribute":null,"Payload":{"QuestionText":"Existen diferentes visiones sobre los derechos y responsabilidades de las distintas etnias (por ejemplo, Mapuches, Aymaras u otros pueblos originarios). \u00bfCu\u00e1n de acuerdo o en desacuerdo est\u00e1s con las siguientes afirmaciones?","DefaultChoices":false,"DataExportTag":"Q30","QuestionType":"Matrix","Selector":"Likert","SubSelector":"SingleAnswer","DataVisibility":{"Private":false,"Hidden":false},"Configuration":{"QuestionDescriptionOption":"UseText","TextPosition":"inline","ChoiceColumnWidthPixels":249,"RepeatHeaders":"none","WhiteSpace":"OFF","MobileFirst":true},"QuestionDescription":"Existen diferentes visiones sobre los derechos y responsabilidades de las distintas etnias (por e...","Choices":{"1":{"Display":"En Chile todos los grupos \u00e9tnicos deber\u00edan tener la misma oportunidad de acceder a una buena educaci\u00f3n"},"2":{"Display":"En Chile todos los grupos \u00e9tnicos deber\u00edan tener la misma oportunidad de conseguir buenos trabajos"},"3":{"Display":"Las escuelas deber\u00edan ense\u00f1ar a los estudiantes a respetar a los miembros de todos los grupos \u00e9tnicos"},"4":{"Display":"Deber\u00eda promoverse que miembros de todos los grupos \u00e9tnicos se presentar\u00e1n a las elecciones para cargos pol\u00edticos"},"5":{"Display":"Los miembros de todos los grupos \u00e9tnicos deber\u00edan tener los mismos derechos y responsabilidades"}},"ChoiceOrder":["1","2","3","4","5"],"Validation":{"Settings":{"ForceResponse":"OFF","ForceResponseType":"ON","Type":"None"}},"GradingData":[],"Language":[],"NextChoiceId":6,"NextAnswerId":22,"Answers":{"1":{"Display":"Muy en desacuerdo"},"2":{"Display":"En desacuerdo"},"20":{"Display":"De acuerdo"},"21":{"Display":"Muy de acuerdo"}},"AnswerOrder":["1","2","20","21"],"ChoiceDataExportTags":false,"QuestionID":"QID36"}},{"SurveyID":"SV_3RbsUGU6OGvAkYu","Element":"SQ","PrimaryAttribute":"QID46","SecondaryAttribute":"Gerente de una gran empresa: empresas como Falabella, un gerente de CODELCO o gerente de L\u00edder.","TertiaryAttribute":null,"Payload":{"QuestionText":"<b>Gerente de una gran empresa<\/b>: empresas como Falabella, un gerente de CODELCO o gerente de L\u00edder.","QuestionJS":"Qualtrics.SurveyEngine.addOnload(function()\n{\n\n\ttry {  \n\t\t\n\t\t\tnew Cleave('.QR-QID46', {\n                     numeral: true,\n                     numeralDecimalMark: ',',\n                     delimiter: '.',\n                     prefix: '$'\n                                           });\n            }\n\t\n      catch (err) { alert(err.message + \"   \" + 1)}\n\n\t\n});\n\nQualtrics.SurveyEngine.addOnReady(function()\n{\n\n});\n\nQualtrics.SurveyEngine.addOnUnload(function()\n{\n\n\n});","DefaultChoices":false,"DataExportTag":"Q39a","QuestionType":"TE","Selector":"SL","DataVisibility":{"Private":false,"Hidden":false},"Configuration":{"QuestionDescriptionOption":"UseText"},"QuestionDescription":"Gerente de una gran empresa: empresas como Falabella, un gerente de CODELCO o gerente de L\u00edder.","Validation":{"Settings":{"ForceResponse":"OFF","ForceResponseType":"ON","Type":"None"}},"GradingData":[],"Language":[],"NextChoiceId":4,"NextAnswerId":1,"SearchSource":{"AllowFreeResponse":"false"},"QuestionID":"QID46"}},{"SurveyID":"SV_3RbsUGU6OGvAkYu","Element":"SQ","PrimaryAttribute":"QID49","SecondaryAttribute":"Gerente de una gran empresa: empresas como Falabella, un gerente de CODELCO o gerente de L\u00edder.","TertiaryAttribute":null,"Payload":{"QuestionText":"<b>Gerente de una gran empresa<\/b>: empresas como Falabella, un gerente de CODELCO o gerente de L\u00edder.","QuestionJS":"Qualtrics.SurveyEngine.addOnload(function()\n{\n\n\ttry {  \n\t\t\n\t\t\tnew Cleave('.QR-QID49', {\n                     numeral: true,\n                     numeralDecimalMark: ',',\n                     delimiter: '.',\n                     prefix: '$'\n                                           });\n            }\n\t\n      catch (err) { alert(err.message + \"   \" + 1)}\n\n\t\n});\n\nQualtrics.SurveyEngine.addOnReady(function()\n{\n\n});\n\nQualtrics.SurveyEngine.addOnUnload(function()\n{\n\n\n});","DefaultChoices":false,"DataExportTag":"Q40a","QuestionType":"TE","Selector":"SL","DataVisibility":{"Private":false,"Hidden":false},"Configuration":{"QuestionDescriptionOption":"UseText"},"QuestionDescription":"Gerente de una gran empresa: empresas como Falabella, un gerente de CODELCO o gerente de L\u00edder.","Validation":{"Settings":{"ForceResponse":"OFF","ForceResponseType":"ON","Type":"None"}},"GradingData":[],"Language":[],"NextChoiceId":4,"NextAnswerId":1,"SearchSource":{"AllowFreeResponse":"false"},"QuestionID":"QID49"}},{"SurveyID":"SV_3RbsUGU6OGvAkYu","Element":"SQ","PrimaryAttribute":"QID1","SecondaryAttribute":"Haga clic para escribir el texto de la pregunta","TertiaryAttribute":null,"Payload":{"QuestionText":"Haga clic para escribir el texto de la pregunta","DataExportTag":"Q2","QuestionType":"MC","Selector":"SAVR","SubSelector":"TX","Configuration":{"QuestionDescriptionOption":"UseText"},"QuestionDescription":"Haga clic para escribir el texto de la pregunta","Choices":{"1":{"Display":"Haga clic para escribir la opci\u00f3n 1"},"2":{"Display":"Haga clic para escribir la opci\u00f3n 2"},"3":{"Display":"Haga clic para escribir la opci\u00f3n 3"}},"ChoiceOrder":["1","2","3"],"Validation":{"Settings":{"ForceResponse":"OFF","ForceResponseType":"ON","Type":"None"}},"Language":[],"NextChoiceId":4,"NextAnswerId":1,"QuestionID":"QID1"}},{"SurveyID":"SV_3RbsUGU6OGvAkYu","Element":"SQ","PrimaryAttribute":"QID3","SecondaryAttribute":"Haga clic para escribir el texto de la pregunta","TertiaryAttribute":null,"Payload":{"QuestionText":"Haga clic para escribir el texto de la pregunta","DataExportTag":"Q5","QuestionType":"MC","Selector":"SAVR","SubSelector":"TX","Configuration":{"QuestionDescriptionOption":"UseText"},"QuestionDescription":"Haga clic para escribir el texto de la pregunta","Choices":{"1":{"Display":"Haga clic para escribir la opci\u00f3n 1"},"2":{"Display":"Haga clic para escribir la opci\u00f3n 2"},"3":{"Display":"Haga clic para escribir la opci\u00f3n 3"}},"ChoiceOrder":["1","2","3"],"Validation":{"Settings":{"ForceResponse":"OFF","ForceResponseType":"ON","Type":"None"}},"Language":[],"NextChoiceId":4,"NextAnswerId":1,"QuestionID":"QID3"}},{"SurveyID":"SV_3RbsUGU6OGvAkYu","Element":"SQ","PrimaryAttribute":"QID40","SecondaryAttribute":"La siguiente es una lista de acciones que las personas pueden realizar para expresar sus demandas...","TertiaryAttribute":null,"Payload":{"QuestionText":"La siguiente es una lista de acciones que las personas pueden realizar para expresar sus demandas o necesidades, \u00bfQu\u00e9 tanto crees que se justifican las siguientes acciones?","DefaultChoices":false,"DataExportTag":"Q34","QuestionType":"Matrix","Selector":"Likert","SubSelector":"SingleAnswer","DataVisibility":{"Private":false,"Hidden":false},"Configuration":{"QuestionDescriptionOption":"UseText","TextPosition":"inline","ChoiceColumnWidth":25,"RepeatHeaders":"none","WhiteSpace":"OFF","MobileFirst":true},"QuestionDescription":"La siguiente es una lista de acciones que las personas pueden realizar para expresar sus demandas...","Choices":{"1":{"Display":"Que las personas participen en marchas o manifestaciones p\u00fablicas"},"2":{"Display":"Que las personas participen en un bloqueo de calles o carreteras"},"3":{"Display":"Que los estudiantes se tomen sus escuelas, liceos, universidades"},"4":{"Display":"Que las personas realicen una acci\u00f3n de denuncia y repudio p\u00fablico a personas que se presume han cometido delito (funas)"},"5":{"Display":"Que las personas pinten o rayen las paredes con sus demandas o consignas"},"6":{"Display":"Que manifestantes se enfrenten a carabineros en una marcha o concentraci\u00f3n"}},"ChoiceOrder":["1","2","3","4","5","6"],"Validation":{"Settings":{"ForceResponse":"OFF","ForceResponseType":"ON","Type":"None"}},"GradingData":[],"Language":[],"NextChoiceId":7,"NextAnswerId":5,"Answers":{"1":{"Display":"Nunca se justifica"},"2":{"Display":"Casi nunca se justifica"},"3":{"Display":"A veces se justifica"},"4":{"Display":"Siempre se justifica"}},"AnswerOrder":["1","2","3","4"],"ChoiceDataExportTags":false,"QuestionID":"QID40"}},{"SurveyID":"SV_3RbsUGU6OGvAkYu","Element":"SQ","PrimaryAttribute":"QID47","SecondaryAttribute":"Obrero no calificado: obrero de una construcci\u00f3n, obrero de una f\u00e1brica, obrero de una panader\u00eda.","TertiaryAttribute":null,"Payload":{"QuestionText":"<b>Obrero no calificado<\/b>: obrero de una construcci\u00f3n, obrero de una f\u00e1brica, obrero de una panader\u00eda.","QuestionJS":"Qualtrics.SurveyEngine.addOnload(function()\n{\n\n\ttry {  \n\t\t\n\t\t\tnew Cleave('.QR-QID47', {\n                     numeral: true,\n                     numeralDecimalMark: ',',\n                     delimiter: '.',\n                     prefix: '$'\n                                           });\n            }\n\t\n      catch (err) { alert(err.message + \"   \" + 1)}\n\n\t\n});\n\nQualtrics.SurveyEngine.addOnReady(function()\n{\n\n});\n\nQualtrics.SurveyEngine.addOnUnload(function()\n{\n\n\n});","DefaultChoices":false,"DataExportTag":"Q39b","QuestionType":"TE","Selector":"SL","DataVisibility":{"Private":false,"Hidden":false},"Configuration":{"QuestionDescriptionOption":"UseText"},"QuestionDescription":"Obrero no calificado: obrero de una construcci\u00f3n, obrero de una f\u00e1brica, obrero de una panader\u00eda.","Validation":{"Settings":{"ForceResponse":"OFF","ForceResponseType":"ON","Type":"None"}},"GradingData":[],"Language":[],"NextChoiceId":4,"NextAnswerId":1,"SearchSource":{"AllowFreeResponse":"false"},"QuestionID":"QID47"}},{"SurveyID":"SV_3RbsUGU6OGvAkYu","Element":"SQ","PrimaryAttribute":"QID50","SecondaryAttribute":"Obrero no calificado: obrero de una construcci\u00f3n, obrero de una f\u00e1brica, obrero de una panader\u00eda.","TertiaryAttribute":null,"Payload":{"QuestionText":"<b>Obrero no calificado<\/b>: obrero de una construcci\u00f3n, obrero de una f\u00e1brica, obrero de una panader\u00eda.","QuestionJS":"Qualtrics.SurveyEngine.addOnload(function()\n{\n\n\ttry {  \n\t\t\n\t\t\tnew Cleave('.QR-QID50', {\n                     numeral: true,\n                     numeralDecimalMark: ',',\n                     delimiter: '.',\n                     prefix: '$'\n                                           });\n            }\n\t\n      catch (err) { alert(err.message + \"   \" + 1)}\n\n\t\n});\n\nQualtrics.SurveyEngine.addOnReady(function()\n{\n\n});\n\nQualtrics.SurveyEngine.addOnUnload(function()\n{\n\n\n});","DefaultChoices":false,"DataExportTag":"Q40b","QuestionType":"TE","Selector":"SL","DataVisibility":{"Private":false,"Hidden":false},"Configuration":{"QuestionDescriptionOption":"UseText"},"QuestionDescription":"Obrero no calificado: obrero de una construcci\u00f3n, obrero de una f\u00e1brica, obrero de una panader\u00eda.","Validation":{"Settings":{"ForceResponse":"OFF","ForceResponseType":"ON","Type":"None"}},"GradingData":[],"Language":[],"NextChoiceId":4,"NextAnswerId":1,"SearchSource":{"AllowFreeResponse":"false"},"QuestionID":"QID50"}},{"SurveyID":"SV_3RbsUGU6OGvAkYu","Element":"SQ","PrimaryAttribute":"QID20","SecondaryAttribute":"Pensando en la instituci\u00f3n de educaci\u00f3n superior a la que asiste durante este semestre (o asisti\u00f3","TertiaryAttribute":null,"Payload":{"QuestionText":"Pensando en la instituci\u00f3n de educaci\u00f3n superior a la que asiste durante este semestre (o asisti\u00f3), cu\u00e1ndo se discuten (o discut\u00edan) temas sociales o pol\u00edticos durante las clases, \u00bfcon qu\u00e9 frecuencia ocurr\u00edan las siguientes cosas?","DefaultChoices":false,"DataExportTag":"Q20","QuestionType":"Matrix","Selector":"Likert","SubSelector":"SingleAnswer","Configuration":{"QuestionDescriptionOption":"UseText","TextPosition":"inline","ChoiceColumnWidth":25,"RepeatHeaders":"none","WhiteSpace":"OFF","MobileFirst":true},"QuestionDescription":"Pensando en la instituci\u00f3n de educaci\u00f3n superior a la que asiste durante este semestre (o asisti\u00f3...","Choices":{"1":{"Display":"Haga clic para escribir la afirmaci\u00f3n 1"},"2":{"Display":"Haga clic para escribir la afirmaci\u00f3n 2"},"3":{"Display":"Haga clic para escribir la afirmaci\u00f3n 3"}},"ChoiceOrder":["1","2","3"],"Validation":{"Settings":{"ForceResponse":"OFF","ForceResponseType":"ON","Type":"None"}},"GradingData":[],"Language":[],"NextChoiceId":4,"NextAnswerId":4,"Answers":{"1":{"Display":"Haga clic para escribir el punto de escala 1"},"2":{"Display":"Haga clic para escribir el punto de escala 2"},"3":{"Display":"Haga clic para escribir el punto de escala 3"}},"AnswerOrder":["1","2","3"],"ChoiceDataExportTags":false,"QuestionID":"QID20"}},{"SurveyID":"SV_3RbsUGU6OGvAkYu","Element":"SQ","PrimaryAttribute":"QID21","SecondaryAttribute":"Pensando en la instituci\u00f3n de educaci\u00f3n superior a la que asiste durante este semestre (o asisti\u00f3","TertiaryAttribute":null,"Payload":{"QuestionText":"Pensando en la instituci\u00f3n de educaci\u00f3n superior a la que asiste durante este semestre (o asisti\u00f3), cu\u00e1ndo se discuten (o discut\u00edan) temas sociales o pol\u00edticos durante las clases, \u00bfcon qu\u00e9 frecuencia ocurr\u00edan las siguientes cosas?","DefaultChoices":false,"DataExportTag":"Q17","QuestionType":"Matrix","Selector":"Likert","SubSelector":"SingleAnswer","DataVisibility":{"Private":false,"Hidden":false},"Configuration":{"QuestionDescriptionOption":"UseText","TextPosition":"inline","ChoiceColumnWidth":25,"ChoiceColumnWidthPixels":407,"RepeatHeaders":"none","WhiteSpace":"OFF","MobileFirst":true},"QuestionDescription":"Pensando en la instituci\u00f3n de educaci\u00f3n superior a la que asiste durante este semestre (o asisti\u00f3...","Choices":{"1":{"Display":"Los estudiantes pod\u00edamos manifestar abiertamente desacuerdos con los profesores(as)"},"2":{"Display":"Los(as) profesores(as) estimulaban a los estudiantes a expresar sus opiniones"},"3":{"Display":"Los estudiantes planteaban hechos pol\u00edticos de actualidad para ser discutidos en clases"},"4":{"Display":"Los estudiantes expresaban sus opiniones en clases, aunque fueran distintas a las de los dem\u00e1s"},"5":{"Display":"Los(as) profesores(as) estimulaban a los estudiantes a conversar los temas con gente que opina distinto"},"6":{"Display":"Los(as) profesores(as) expon\u00edan los temas desde distintos puntos de vista al explicarlos en clases"},"7":{"Display":"Los(as) profesores(as) fomentaban la reflexi\u00f3n y la cr\u00edtica"}},"ChoiceOrder":["1","2","3","4","5","6","7"],"Validation":{"Settings":{"ForceResponse":"OFF","ForceResponseType":"ON","Type":"None"}},"GradingData":[],"Language":[],"NextChoiceId":11,"NextAnswerId":5,"Answers":{"1":{"Display":"Nunca"},"2":{"Display":"Casi nunca"},"3":{"Display":"A veces"},"4":{"Display":"Frecuentemente"}},"AnswerOrder":["1","2","3","4"],"ChoiceDataExportTags":false,"QuestionID":"QID21"}},{"SurveyID":"SV_3RbsUGU6OGvAkYu","Element":"SQ","PrimaryAttribute":"QID23","SecondaryAttribute":"Pensando en la instituci\u00f3n de educaci\u00f3n superior a la que asiste durante este semestre (o asisti\u00f3","TertiaryAttribute":null,"Payload":{"QuestionText":"Pensando en la instituci\u00f3n de educaci\u00f3n superior a la que asiste durante este semestre (o asisti\u00f3) \u00bfen qu\u00e9 medida se ense\u00f1an (o ense\u00f1aban) los siguientes temas?","DefaultChoices":false,"DataExportTag":"Q18","QuestionType":"Matrix","Selector":"Likert","SubSelector":"SingleAnswer","DataVisibility":{"Private":false,"Hidden":false},"Configuration":{"QuestionDescriptionOption":"UseText","TextPosition":"inline","ChoiceColumnWidth":25,"ChoiceColumnWidthPixels":412,"RepeatHeaders":"none","WhiteSpace":"OFF","MobileFirst":true},"QuestionDescription":"Pensando en la instituci\u00f3n de educaci\u00f3n superior a la que asiste durante este semestre (o asisti\u00f3...","Choices":{"1":{"Display":"El respeto y la amabilidad en las relaciones con los dem\u00e1s"},"2":{"Display":"Los valores democr\u00e1ticos de deliberaci\u00f3n, tolerancia y compromiso con el bien com\u00fan"},"3":{"Display":"Valoraci\u00f3n de la participaci\u00f3n electoral (votar)"},"4":{"Display":"Como los ciudadanos votan en las elecciones"},"5":{"Display":"Participar de movimientos sociales o manifestaciones"},"6":{"Display":"El respeto y cumplimiento de la ley"},"7":{"Display":"C\u00f3mo funciona la econom\u00eda"}},"ChoiceOrder":["1","2","3","4","5","6","7"],"Validation":{"Settings":{"ForceResponse":"OFF","ForceResponseType":"ON","Type":"None"}},"GradingData":[],"Language":[],"NextChoiceId":8,"NextAnswerId":5,"Answers":{"1":{"Display":"Nunca"},"2":{"Display":"Casi nunca"},"3":{"Display":"A veces"},"4":{"Display":"Frecuentemente"}},"AnswerOrder":["1","2","3","4"],"ChoiceDataExportTags":false,"QuestionID":"QID23"}},{"SurveyID":"SV_3RbsUGU6OGvAkYu","Element":"SQ","PrimaryAttribute":"QID32","SecondaryAttribute":"Pensando en su opini\u00f3n acerca de la pol\u00edtica, usted dir\u00eda que era m\u00e1s bien negativa, neutra o m","TertiaryAttribute":null,"Payload":{"QuestionText":"Pensando en su opini\u00f3n acerca de la pol\u00edtica, usted dir\u00eda que era m\u00e1s bien negativa, neutra o m\u00e1s bien positiva.","DataExportTag":"Q26","QuestionType":"MC","Selector":"SAHR","SubSelector":"TX","DataVisibility":{"Private":false,"Hidden":false},"Configuration":{"QuestionDescriptionOption":"UseText","LabelPosition":"BELOW"},"QuestionDescription":"Pensando en su opini\u00f3n acerca de la pol\u00edtica, usted dir\u00eda que era m\u00e1s bien negativa, neutra o m\u00e1s...","Choices":{"1":{"Display":"M\u00e1s bien negativa"},"2":{"Display":"1"},"3":{"Display":"2"},"4":{"Display":"3"},"5":{"Display":"4"},"6":{"Display":"5"},"7":{"Display":"6"},"8":{"Display":"7"},"9":{"Display":"8"},"10":{"Display":"9"},"11":{"Display":"10"},"12":{"Display":"M\u00e1s bien positiva"}},"ChoiceOrder":[1,2,3,4,5,6,7,8,9,10,11,12],"Validation":{"Settings":{"ForceResponse":"OFF","ForceResponseType":"ON","Type":"None"}},"Language":[],"NextChoiceId":13,"NextAnswerId":1,"QuestionID":"QID32"}},{"SurveyID":"SV_3RbsUGU6OGvAkYu","Element":"SQ","PrimaryAttribute":"QID5","SecondaryAttribute":"Por favor, indique las edades de cada persona","TertiaryAttribute":null,"Payload":{"QuestionText":"Por favor, indique las edades de cada persona","DefaultChoices":false,"DataExportTag":"Q3","QuestionType":"TE","Selector":"FORM","DataVisibility":{"Private":false,"Hidden":false},"Configuration":{"QuestionDescriptionOption":"UseText"},"QuestionDescription":"Por favor, indique las edades de cada persona","Choices":{"1":{"Display":"Su edad","TextEntry":"on","InputHeight":29,"InputWidth":60,"TextEntryValidation":"ValidNumber"},"2":{"Display":"Edad de su Madre en la actualidad","TextEntry":"on","TextEntryValidation":"ValidNumber"},"3":{"Display":"Edad de su Padre en la actualidad","TextEntry":"on","TextEntryValidation":"ValidNumber"}},"ChoiceOrder":["1","2","3"],"Validation":{"Settings":{"ForceResponse":"OFF","ForceResponseType":"ON"}},"GradingData":[],"Language":[],"NextChoiceId":4,"NextAnswerId":1,"SearchSource":{"AllowFreeResponse":"false"},"QuestionID":"QID5"}},{"SurveyID":"SV_3RbsUGU6OGvAkYu","Element":"SQ","PrimaryAttribute":"QID22","SecondaryAttribute":"Por favor, indique qu\u00e9 tipo de actividades se han realizado durante este semestre en la instituci..","TertiaryAttribute":null,"Payload":{"QuestionText":"Por favor, indique qu\u00e9 tipo de actividades se han realizado durante este semestre en la instituci\u00f3n de educaci\u00f3n superior a la que asiste (o asisti\u00f3)","DefaultChoices":false,"DataExportTag":"Q19","QuestionType":"Matrix","Selector":"Likert","SubSelector":"SingleAnswer","DataVisibility":{"Private":false,"Hidden":false},"Configuration":{"QuestionDescriptionOption":"UseText","TextPosition":"inline","ChoiceColumnWidth":25,"ChoiceColumnWidthPixels":414,"RepeatHeaders":"none","WhiteSpace":"OFF","MobileFirst":true},"QuestionDescription":"Por favor, indique qu\u00e9 tipo de actividades se han realizado durante este semestre en la instituci...","Choices":{"1":{"Display":"Talleres y jornadas (por ejemplo: derechos humanos, g\u00e9nero, memoria hist\u00f3rica, interculturalidad, etc.)"},"2":{"Display":"Simulaci\u00f3n de elecciones"},"3":{"Display":"Campa\u00f1as de elecciones de Centros de Alumnos"},"4":{"Display":"Foros y debates"},"5":{"Display":"Charlas de invitados sobre temas de inter\u00e9s p\u00fablico"},"6":{"Display":"Actividades medioambientales (por ejemplo, campa\u00f1as de reciclaje)"},"7":{"Display":"Actividades de servicio a la comunidad"},"8":{"Display":"Curso o talleres de formaci\u00f3n c\u00edvica"},"9":{"Display":"Talleres de debate"}},"ChoiceOrder":["1","2","3","4","5","6","7","8","9"],"Validation":{"Settings":{"ForceResponse":"OFF","ForceResponseType":"ON","Type":"None"}},"GradingData":[],"Language":[],"NextChoiceId":10,"NextAnswerId":5,"Answers":{"1":{"Display":"Nunca"},"2":{"Display":"Casi nunca"},"3":{"Display":"A veces"},"4":{"Display":"Frecuentemente"}},"AnswerOrder":["1","2","3","4"],"ChoiceDataExportTags":false,"QuestionID":"QID22"}},{"SurveyID":"SV_3RbsUGU6OGvAkYu","Element":"SQ","PrimaryAttribute":"QID16","SecondaryAttribute":"Por favor, indique su nacionalidad.","TertiaryAttribute":null,"Payload":{"QuestionText":"Por favor, indique su nacionalidad.","DataExportTag":"Q14","QuestionType":"MC","Selector":"SAVR","SubSelector":"TX","DataVisibility":{"Private":false,"Hidden":false},"Configuration":{"QuestionDescriptionOption":"UseText"},"QuestionDescription":"Por favor, indique su nacionalidad.","Choices":{"1":{"Display":"Chileno(a)"},"2":{"Display":"Extranjero(a)"}},"ChoiceOrder":[1,2],"Validation":{"Settings":{"ForceResponse":"OFF","ForceResponseType":"ON","Type":"None"}},"Language":[],"NextChoiceId":3,"NextAnswerId":1,"QuestionID":"QID16"}},{"SurveyID":"SV_3RbsUGU6OGvAkYu","Element":"SQ","PrimaryAttribute":"QID4","SecondaryAttribute":"Por favor, responda las siguientes preguntas","TertiaryAttribute":null,"Payload":{"QuestionText":"Por favor, responda las siguientes preguntas","DefaultChoices":false,"DataExportTag":"Q2","QuestionType":"TE","Selector":"FORM","DataVisibility":{"Private":false,"Hidden":false},"Configuration":{"QuestionDescriptionOption":"UseText"},"QuestionDescription":"Por favor, responda las siguientes preguntas","Choices":{"1":{"Display":"Incluy\u00e9ndote a ti, \u00bfCu\u00e1ntas personas viven de manera permanente en su actual hogar?","TextEntry":"on","InputHeight":29,"InputWidth":60,"TextEntryValidation":"ValidNumber"},"2":{"Display":"\u00bfCu\u00e1ntos hijos tiene?","TextEntry":"on","InputHeight":29,"InputWidth":60,"TextEntryValidation":"ValidNumber"}},"ChoiceOrder":[1,2],"Validation":{"Settings":{"ForceResponse":"OFF","ForceResponseType":"ON","Type":"None"}},"GradingData":[],"Language":[],"NextChoiceId":3,"NextAnswerId":1,"SearchSource":{"AllowFreeResponse":"false"},"QuestionID":"QID4"}},{"SurveyID":"SV_3RbsUGU6OGvAkYu","Element":"SQ","PrimaryAttribute":"QID45","SecondaryAttribute":"Quisi\u00e9ramos saber cu\u00e1nto CREE usted que ganan las personas al mes, despu\u00e9s de los descuentos de i","TertiaryAttribute":null,"Payload":{"QuestionText":"Quisi\u00e9ramos saber cu\u00e1nto <u>CREE<\/u> usted que ganan las personas al mes, despu\u00e9s de los descuentos de impuestos, salud, previsi\u00f3n y otros (ingreso l\u00edquido), en los siguientes trabajos que le voy a indicar. Muchas personas no est\u00e1n seguras al respecto, es muy importante que nos d\u00e9 su visi\u00f3n \u00bfCu\u00e1nto cree usted que gana al mes\u2026?","DefaultChoices":false,"DataExportTag":"Q39","QuestionType":"DB","Selector":"TB","DataVisibility":{"Private":false,"Hidden":false},"Configuration":{"QuestionDescriptionOption":"UseText"},"QuestionDescription":"Quisi\u00e9ramos saber cu\u00e1nto CREE usted que ganan las personas al mes, despu\u00e9s de los descuentos de i...","ChoiceOrder":[],"Validation":{"Settings":{"Type":"None"}},"GradingData":[],"Language":[],"NextChoiceId":4,"NextAnswerId":1,"QuestionID":"QID45"}},{"SurveyID":"SV_3RbsUGU6OGvAkYu","Element":"SQ","PrimaryAttribute":"QID24","SecondaryAttribute":"Respecto de su rendimiento acad\u00e9mico, por favor responda las siguientes preguntas:","TertiaryAttribute":null,"Payload":{"QuestionText":"Respecto de su rendimiento acad\u00e9mico, por favor responda las siguientes preguntas:","DefaultChoices":false,"DataExportTag":"Q20","QuestionType":"Matrix","Selector":"Likert","SubSelector":"SingleAnswer","DataVisibility":{"Private":false,"Hidden":false},"Configuration":{"QuestionDescriptionOption":"UseText","TextPosition":"inline","ChoiceColumnWidth":25,"ChoiceColumnWidthPixels":414,"RepeatHeaders":"none","WhiteSpace":"OFF","MobileFirst":true},"QuestionDescription":"Respecto de su rendimiento acad\u00e9mico, por favor responda las siguientes preguntas:","Choices":{"1":{"Display":"Considerando su <strong>rendimiento general<\/strong> \u00bfEn qu\u00e9 lugar se ubicaba usted respecto de sus compa\u00f1eros(as)?"},"2":{"Display":"Considerando sus <strong>h\u00e1bitos de lectura<\/strong> \u00bfEn qu\u00e9 lugar se ubicaba usted respecto de sus compa\u00f1eros(as)?"},"3":{"Display":"Considerando el <strong>tiempo que dedica a estudiar<\/strong> \u00bfEn qu\u00e9 lugar se ubicaba usted respecto de sus compa\u00f1eros(as)?"},"4":{"Display":"Considerando el <strong>tiempo que dedicaba a estudiar<\/strong> \u00bfEn qu\u00e9 lugar se ubicaba usted respecto de sus compa\u00f1eros(as)?"}},"ChoiceOrder":["1","2","3","4"],"Validation":{"Settings":{"ForceResponse":"OFF","ForceResponseType":"ON","Type":"None"}},"GradingData":[],"Language":[],"NextChoiceId":5,"NextAnswerId":4,"Answers":{"1":{"Display":"Bajo el promedio"},"2":{"Display":"En el promedio"},"3":{"Display":"Sobre el promedio"}},"AnswerOrder":[1,2,"3"],"ChoiceDataExportTags":false,"QuestionID":"QID24"}},{"SurveyID":"SV_3RbsUGU6OGvAkYu","Element":"SQ","PrimaryAttribute":"QID27","SecondaryAttribute":"Siguiendo con este periodo de su vida, por favor responda las siguientes preguntas sobre su exper...","TertiaryAttribute":null,"Payload":{"QuestionText":"Siguiendo con este periodo de su vida, por favor responda las siguientes preguntas sobre su experiencia familiar.","DefaultChoices":false,"DataExportTag":"Q29","QuestionType":"DB","Selector":"TB","DataVisibility":{"Private":false,"Hidden":false},"Configuration":{"QuestionDescriptionOption":"UseText"},"QuestionDescription":"Siguiendo con este periodo de su vida, por favor responda las siguientes preguntas sobre su exper...","ChoiceOrder":[],"Validation":{"Settings":{"Type":"None"}},"GradingData":[],"Language":[],"NextChoiceId":4,"NextAnswerId":1,"QuestionID":"QID27"}},{"SurveyID":"SV_3RbsUGU6OGvAkYu","Element":"SQ","PrimaryAttribute":"QID34","SecondaryAttribute":"Tradicionalmente la gente define las posiciones pol\u00edticas como m\u00e1s cercanas a la izquierda, al ce.","TertiaryAttribute":null,"Payload":{"QuestionText":"Tradicionalmente la gente define las posiciones pol\u00edticas como m\u00e1s cercanas a la izquierda, al centro o a la derecha. \u00bfcon cu\u00e1l de las siguientes posiciones usted se identifica o simpatiza m\u00e1s?","DefaultChoices":false,"DataExportTag":"Q28","QuestionType":"MC","Selector":"SAVR","SubSelector":"TX","DataVisibility":{"Private":false,"Hidden":false},"Configuration":{"QuestionDescriptionOption":"UseText"},"QuestionDescription":"Tradicionalmente la gente define las posiciones pol\u00edticas como m\u00e1s cercanas a la izquierda, al ce...","Choices":{"1":{"Display":"Derecha"},"2":{"Display":"Centro derecha"},"3":{"Display":"Centro"},"4":{"Display":"Centro izquierda"},"5":{"Display":"Izquierda"},"6":{"Display":"Independiente"},"7":{"Display":"Ninguna"},"8":{"Display":"No s\u00e9"}},"ChoiceOrder":["1","2","3","4","5","6","7","8"],"Validation":{"Settings":{"ForceResponse":"OFF","ForceResponseType":"ON","Type":"None"}},"GradingData":[],"Language":[],"NextChoiceId":9,"NextAnswerId":4,"QuestionID":"QID34"}},{"SurveyID":"SV_3RbsUGU6OGvAkYu","Element":"SQ","PrimaryAttribute":"QID14","SecondaryAttribute":"Y pensando en el futuro, en unos 10 a\u00f1os m\u00e1s \u00bfd\u00f3nde crees que te ubicar\u00e1s t\u00fa?","TertiaryAttribute":null,"Payload":{"QuestionText":"Y pensando en el futuro, en unos 10 a\u00f1os m\u00e1s \u00bfd\u00f3nde crees que te ubicar\u00e1s t\u00fa?","DataExportTag":"Q12","QuestionType":"MC","Selector":"SAHR","SubSelector":"TX","DataVisibility":{"Private":false,"Hidden":false},"Configuration":{"QuestionDescriptionOption":"UseText","LabelPosition":"BELOW"},"QuestionDescription":"Y pensando en el futuro, en unos 10 a\u00f1os m\u00e1s \u00bfd\u00f3nde crees que te ubicar\u00e1s t\u00fa?","Choices":{"1":{"Display":"El nivel m\u00e1s bajo"},"2":{"Display":"1"},"3":{"Display":"2"},"4":{"Display":"3"},"5":{"Display":"4"},"6":{"Display":"5"},"7":{"Display":"6"},"8":{"Display":"7"},"9":{"Display":"8"},"10":{"Display":"9"},"11":{"Display":"10"},"12":{"Display":"El nivel m\u00e1s alto"}},"ChoiceOrder":[1,2,3,4,5,6,7,8,9,10,11,12],"Validation":{"Settings":{"ForceResponse":"OFF","ForceResponseType":"ON","Type":"None"}},"Language":[],"NextChoiceId":13,"NextAnswerId":1,"QuestionID":"QID14"}}]}